github.com/Nerzal/gocloak/v13 v13.9.0 h1:YWsJsdM5b0yhM2Ba3MLydiOlujkBry4TtdzfIzSVZhw=
github.com/Nerzal/gocloak/v13 v13.9.0/go.mod h1:YYuDcXZ7K2zKECyVP7pPqjKxx2AzYSpKDj8d6GuyM10=
github.com/bytedance/sonic v1.5.0/go.mod h1:ED5hyg4y6t3/9Ku1R6dU/4KyJ48DZ4jPhfY1O2AihPM=
github.com/bytedance/sonic v1.8.0 h1:ea0Xadu+sHlu7x5O3gKhRpQ1IKiMrSiHttPF0ybECuA=
github.com/bytedance/sonic v1.8.0/go.mod h1:i736AoUSYt75HyZLoJW9ERYxcy6eaN6h4BZXU064P/U=
github.com/bytedance/sonic v1.11.6 h1:oUp34TzMlL+OY1OUWxHqsdkgC/Zfc85zGqw9siXjrc0=
github.com/bytedance/sonic v1.11.6/go.mod h1:LysEHSvpvDySVdC2f87zGWf6CIKJcAvqab1ZaiQtds4=
github.com/bytedance/sonic/loader v0.1.1 h1:c+e5Pt1k/cy5wMveRDyk2X4B9hF4g7an8N3zCYjJFNM=
github.com/bytedance/sonic/loader v0.1.1/go.mod h1:ncP89zfokxS5LZrJxl5z0UJcsk4M4yY2JpfqGeCtNLU=
github.com/cespare/xxhash/v2 v2.2.0 h1:DC2CZ1Ep5Y4k3ZQ899DldepgrayRUGE6BBZ/cd9Cj44=
github.com/cespare/xxhash/v2 v2.2.0/go.mod h1:VGX0DQ3Q6kWi7AoAeZDth3/j3BFtOZR5XLFGgcrjCOs=
github.com/chenzhuoyu/base64x v0.0.0-20211019084208-fb5309c8db06/go.mod h1:DH46F32mSOjUmXrMHnKwZdA8wcEefY7UVqBKYGjpdQY=
github.com/chenzhuoyu/base64x v0.0.0-20221115062448-fe3a3abad311 h1:qSGYFH7+jGhDF8vLC+iwCD4WpbV1EBDSzWkJODFLams=
github.com/chenzhuoyu/base64x v0.0.0-20221115062448-fe3a3abad311/go.mod h1:b583jCggY9gE99b6G5LEC39OIiVsWj+R97kbl5odCEk=
github.com/cloudwego/base64x v0.1.4 h1:jwCgWpFanWmN8xoIUHa2rtzmkd5J2plF/dnLS6Xd/0Y=
github.com/cloudwego/base64x v0.1.4/go.mod h1:0zlkT4Wn5C6NdauXdJRhSKRlJvmclQ1hhJgA0rcu/8w=
github.com/cloudwego/iasm v0.2.0 h1:1KNIy1I1H9hNNFEEH3DVnI4UujN+1zjpuk6gwHLTssg=
github.com/cloudwego/iasm v0.2.0/go.mod h1:8rXZaNYT2n95jn+zTI1sDr+IgcD2GVs0nlbbQPiEFhY=
github.com/davecgh/go-spew v1.1.0/go.mod h1:J7Y8YcW2NihsgmVo/mv3lAwl/skON4iLHjSsI+c5H38=
github.com/davecgh/go-spew v1.1.1 h1:vj9j/u1bqnvCEfJOwUhtlOARqs3+rkHYY13jYWTU97c=
github.com/davecgh/go-spew v1.1.1/go.mod h1:J7Y8YcW2NihsgmVo/mv3lAwl/skON4iLHjSsI+c5H38=
github.com/dgryski/go-rendezvous v0.0.0-20200823014737-9f7001d12a5f h1:lO4WD4F/rVNCu3HqELle0jiPLLBs70cWOduZpkS1E78=
github.com/dgryski/go-rendezvous v0.0.0-20200823014737-9f7001d12a5f/go.mod h1:cuUVRXasLTGF7a8hSLbxyZXjz+1KgoB3wDUb6vlszIc=
github.com/dlclark/regexp2 v1.9.0 h1:pTK/l/3qYIKaRXuHnEnIf7Y5NxfRPfpb7dis6/gdlVI=
github.com/dlclark/regexp2 v1.9.0/go.mod h1:DHkYz0B9wPfa6wondMfaivmHpzrQ3v9q8cnmRbL6yW8=
github.com/fsnotify/fsnotify v1.4.9 h1:hsms1Qyu0jgnwNXIxa+/V/PDsU6CfLf6CNO8H7IWoS4=
github.com/fsnotify/fsnotify v1.4.9/go.mod h1:znqG4EE+3YCdAaPaxE2ZRY/06pZUdp0tY4IgpuI1SZQ=
github.com/gabriel-vasile/mimetype v1.4.3 h1:in2uUcidCuFcDKtdcBxlR0rJ1+fsokWf+uqxgUFjbI0=
github.com/gabriel-vasile/mimetype v1.4.3/go.mod h1:d8uq/6HKRL6CGdk+aubisF/M5GcPfT7nKyLpA0lbSSk=
github.com/gin-contrib/cors v1.7.2 h1:oLDHxdg8W/XDoN/8zamqk/Drgt4oVZDvaV0YmvVICQw=
github.com/gin-contrib/cors v1.7.2/go.mod h1:SUJVARKgQ40dmrzgXEVxj2m7Ig1v1qIboQkPDTQ9t2E=
github.com/gin-contrib/sse v0.1.0 h1:Y/yl/+YNO8GZSjAhjMsSuLt29uWRFHdHYUb5lYOV9qE=
github.com/gin-contrib/sse v0.1.0/go.mod h1:RHrZQHXnP2xjPF+u1gW/2HnVO7nvIa9PG3Gm+fLHvGI=
github.com/gin-gonic/gin v1.9.0 h1:OjyFBKICoexlu99ctXNR2gg+c5pKrKMuyjgARg9qeY8=
github.com/gin-gonic/gin v1.9.0/go.mod h1:W1Me9+hsUSyj3CePGrd1/QrKJMSJ1Tu/0hFEH89961k=
github.com/gin-gonic/gin v1.9.1 h1:4idEAncQnU5cB7BeOkPtxjfCSye0AAm1R0RVIqJ+Jmg=
github.com/gin-gonic/gin v1.9.1/go.mod h1:hPrL7YrpYKXt5YId3A/Tnip5kqbEAP+KLuI3SUcPTeU=
github.com/go-playground/assert/v2 v2.2.0 h1:JvknZsQTYeFEAhQwI4qEt9cyV5ONwRHC+lYKSsYSR8s=
github.com/go-playground/assert/v2 v2.2.0/go.mod h1:VDjEfimB/XKnb+ZQfWdccd7VUvScMdVu0Titje2rxJ4=
github.com/go-playground/locales v0.14.1 h1:EWaQ/wswjilfKLTECiXz7Rh+3BjFhfDFKv/oXslEjJA=
github.com/go-playground/locales v0.14.1/go.mod h1:hxrqLVvrK65+Rwrd5Fc6F2O76J/NuW9t0sjnWqG1slY=
github.com/go-playground/universal-translator v0.18.1 h1:Bcnm0ZwsGyWbCzImXv+pAJnYK9S473LQFuzCbDbfSFY=
github.com/go-playground/universal-translator v0.18.1/go.mod h1:xekY+UJKNuX9WP91TpwSH2VMlDf28Uj24BCp08ZFTUY=
github.com/go-playground/validator/v10 v10.11.2 h1:q3SHpufmypg+erIExEKUmsgmhDTyhcJ38oeKGACXohU=
github.com/go-playground/validator/v10 v10.11.2/go.mod h1:NieE624vt4SCTJtD87arVLvdmjPAeV8BQlHtMnw9D7s=
github.com/go-playground/validator/v10 v10.20.0 h1:K9ISHbSaI0lyB2eWMPJo+kOS/FBExVwjEviJTixqxL8=
github.com/go-playground/validator/v10 v10.20.0/go.mod h1:dbuPbCMFw/DrkbEynArYaCwl3amGuJotoKCe95atGMM=
github.com/go-redis/redis/v8 v8.11.5 h1:AcZZR7igkdvfVmQTPnu9WE37LRrO/YrBH5zWyjDC0oI=
github.com/go-redis/redis/v8 v8.11.5/go.mod h1:gREzHqY1hg6oD9ngVRbLStwAWKhA0FEgq8Jd4h5lpwo=
github.com/go-resty/resty/v2 v2.7.0 h1:me+K9p3uhSmXtrBZ4k9jcEAfJmuC8IivWHwaLZwPrFY=
github.com/go-resty/resty/v2 v2.7.0/go.mod h1:9PWDzw47qPphMRFfhsyk0NnSgvluHcljSMVIq3w7q0I=
github.com/goccy/go-json v0.10.0 h1:mXKd9Qw4NuzShiRlOXKews24ufknHO7gx30lsDyokKA=
github.com/goccy/go-json v0.10.0/go.mod h1:6MelG93GURQebXPDq3khkgXZkazVtN9CRI+MGFi0w8I=
github.com/goccy/go-json v0.10.2 h1:CrxCmQqYDkv1z7lO7Wbh2HN93uovUHgrECaO5ZrCXAU=
github.com/goccy/go-json v0.10.2/go.mod h1:6MelG93GURQebXPDq3khkgXZkazVtN9CRI+MGFi0w8I=
github.com/golang-jwt/jwt/v5 v5.0.0 h1:1n1XNM9hk7O9mnQoNBGolZvzebBQ7p93ULHRc28XJUE=
github.com/golang-jwt/jwt/v5 v5.0.0/go.mod h1:pqrtFR0X4osieyHYxtmOUWsAWrfe1Q5UVIyoH402zdk=
github.com/golang/protobuf v1.5.0/go.mod h1:FsONVRAS9T7sI+LIUmWTfcYkHO4aIWwzhcaSAoJOfIk=
github.com/golang/protobuf v1.5.3 h1:KhyjKVUg7Usr/dYsdSqoFveMYd5ko72D+zANwlG1mmg=
github.com/golang/protobuf v1.5.3/go.mod h1:XVQd3VNwM+JqD3oG2Ue2ip4fOMUkwXdXDdiuN0vRsmY=
github.com/google/go-cmp v0.5.5/go.mod h1:v8dTdLbMG2kIc/vJvl+f65V22dbkXbowE6jgT/gNBxE=
github.com/google/go-cmp v0.6.0 h1:ofyhxvXcZhMsU5ulbFiLKl/XBFqE1GSq7atu8tAmTRI=
github.com/google/go-cmp v0.6.0/go.mod h1:17dUlkBOakJ0+DkrSSNjCkIjxS6bF9zb3elmeNGIjoY=
github.com/google/gofuzz v1.0.0/go.mod h1:dBl0BpW6vV/+mYPU4Po3pmUjxk6FQPldtuIdl/M65Eg=
github.com/google/uuid v1.6.0 h1:NIvaJDMOsjHA8n1jAhLSgzrAzy1Hgr+hNrb57e+94F0=
github.com/google/uuid v1.6.0/go.mod h1:TIyPZe4MgqvfeYDBFedMoGGpEw/LqOeaOT+nhxU+yHo=
github.com/gorilla/websocket v1.5.0 h1:PPwGk2jz7EePpoHN/+ClbZu8SPxiqlu12wZP/3sWmnc=
github.com/gorilla/websocket v1.5.0/go.mod h1:YR8l580nyteQvAITg2hZ9XVh4b55+EU/adAjf1fMHhE=
github.com/jackc/pgpassfile v1.0.0 h1:/6Hmqy13Ss2zCq62VdNG8tM1wchn8zjSGOBJ6icpsIM=
github.com/jackc/pgpassfile v1.0.0/go.mod h1:CEx0iS5ambNFdcRtxPj5JhEz+xB6uRky5eyVu/W2HEg=
github.com/jackc/pgservicefile v0.0.0-20221227161230-091c0ba34f0a h1:bbPeKD0xmW/Y25WS6cokEszi5g+S0QxI/d45PkRi7Nk=
github.com/jackc/pgservicefile v0.0.0-20221227161230-091c0ba34f0a/go.mod h1:5TJZWKEWniPve33vlWYSoGYefn3gLQRzjfDlhSJ9ZKM=
github.com/jackc/pgx/v5 v5.5.5 h1:amBjrZVmksIdNjxGW/IiIMzxMKZFelXbUoPNb+8sjQw=
github.com/jackc/pgx/v5 v5.5.5/go.mod h1:ez9gk+OAat140fv9ErkZDYFWmXLfV+++K0uAOiwgm1A=
github.com/jackc/puddle/v2 v2.2.1 h1:RhxXJtFG022u4ibrCSMSiu5aOq1i77R3OHKNJj77OAk=
github.com/jackc/puddle/v2 v2.2.1/go.mod h1:vriiEXHvEE654aYKXXjOvZM39qJ0q+azkZFrfEOc3H4=
github.com/jinzhu/inflection v1.0.0 h1:K317FqzuhWc8YvSVlFMCCUb36O/S9MCKRDI7QkRKD/E=
github.com/jinzhu/inflection v1.0.0/go.mod h1:h+uFLlag+Qp1Va5pdKtLDYj+kHp5pxUVkryuEj+Srlc=
github.com/jinzhu/now v1.1.5 h1:/o9tlHleP7gOFmsnYNz3RGnqzefHA47wQpKrrdTIwXQ=
github.com/jinzhu/now v1.1.5/go.mod h1:d3SSVoowX0Lcu0IBviAWJpolVfI5UJVZZ7cO71lE/z8=
github.com/json-iterator/go v1.1.12 h1:PV8peI4a0ysnczrg+LtxykD8LfKY9ML6u2jnxaEnrnM=
github.com/json-iterator/go v1.1.12/go.mod h1:e30LSqwooZae/UwlEbR2852Gd8hjQvJoHmT4TnhNGBo=
github.com/justjack1521/mevconn v0.0.0-20240930070050-a53b1d2aab5f h1:N5jHJoxk6R4g0OLOLWLe7EkdqxT4VLO0Imh9ak6U8ZQ=
github.com/justjack1521/mevconn v0.0.0-20240930070050-a53b1d2aab5f/go.mod h1:G4gKWe7Q6DwT8YeBcwtowwIAjjQXBXiHe4IoHYiOYQY=
github.com/justjack1521/mevconn v0.0.0-20240930091432-610652e91304 h1:YOks4w3PvN1Hz5TK8Y41wKYPc0YnJGRcl7iHP2sciNA=
github.com/justjack1521/mevconn v0.0.0-20240930091432-610652e91304/go.mod h1:G4gKWe7Q6DwT8YeBcwtowwIAjjQXBXiHe4IoHYiOYQY=
github.com/justjack1521/mevium v0.0.0-20240827035831-9fab37d4e99d h1:GK+EguAI1ewr8bIe5r1cIdCYG/OqFVz9mhG5kS8Hxvk=
github.com/justjack1521/mevium v0.0.0-20240827035831-9fab37d4e99d/go.mod h1:YjKt+hYlCNh3vDPhS9cL1QvAoDwMTJiUcYMDtErtjY0=
github.com/justjack1521/mevium v0.0.0-20241006091922-4ebe475ad067 h1:8y0p8eeFxgVaa/EfqaZXM66xjM5GPpNJQLp1t1YD1zA=
github.com/justjack1521/mevium v0.0.0-20241006091922-4ebe475ad067/go.mod h1:YjKt+hYlCNh3vDPhS9cL1QvAoDwMTJiUcYMDtErtjY0=
github.com/justjack1521/mevium v0.0.0-20241007014244-0a22062ee59b h1:MXElvVELYXTTrH761I4kgED/bQozc/NLF6D4MVH5opM=
github.com/justjack1521/mevium v0.0.0-20241007014244-0a22062ee59b/go.mod h1:YjKt+hYlCNh3vDPhS9cL1QvAoDwMTJiUcYMDtErtjY0=
github.com/justjack1521/mevium v0.0.0-20241008114023-e833f2c4d3ce h1:Mcr17qMNMTaxcqpnzULfR6zYqaW8uX34KJPedtUG1IY=
github.com/justjack1521/mevium v0.0.0-20241008114023-e833f2c4d3ce/go.mod h1:YjKt+hYlCNh3vDPhS9cL1QvAoDwMTJiUcYMDtErtjY0=
github.com/justjack1521/mevium v0.0.0-20241008114101-3c83c7927347 h1:Owm0q8yoDXXxi//wIjpieBMaiGzmmV9CBp0AqcsGIqw=
github.com/justjack1521/mevium v0.0.0-20241008114101-3c83c7927347/go.mod h1:YjKt+hYlCNh3vDPhS9cL1QvAoDwMTJiUcYMDtErtjY0=
github.com/justjack1521/mevium v0.0.0-20241008114656-a7c86a4f5ac4 h1:hIALDj7SY9N5gMHclBr+b7gnZVP00b0zuAzJIBeSkHY=
github.com/justjack1521/mevium v0.0.0-20241008114656-a7c86a4f5ac4/go.mod h1:YjKt+hYlCNh3vDPhS9cL1QvAoDwMTJiUcYMDtErtjY0=
github.com/justjack1521/mevium v0.0.0-20241009092921-9a2c32151337 h1:q/75KDFDAAMIRWgHOs5LrSMeMj9op00A1VS4xCyhjtI=
github.com/justjack1521/mevium v0.0.0-20241009092921-9a2c32151337/go.mod h1:YjKt+hYlCNh3vDPhS9cL1QvAoDwMTJiUcYMDtErtjY0=
github.com/justjack1521/mevium v0.0.0-20241015015008-b6ee969821c6 h1:YRlbPKyuO092XYIUGWRR8mQnnIUWMP7sl2W0ABCnENI=
github.com/justjack1521/mevium v0.0.0-20241015015008-b6ee969821c6/go.mod h1:YjKt+hYlCNh3vDPhS9cL1QvAoDwMTJiUcYMDtErtjY0=
github.com/justjack1521/mevium v0.0.0-20241022072204-1a5c896fc63e h1:flWhy+dc0pClunaK/ZTpl+dJtcVIn6i3KqPuOc9a0U0=
github.com/justjack1521/mevium v0.0.0-20241022072204-1a5c896fc63e/go.mod h1:YjKt+hYlCNh3vDPhS9cL1QvAoDwMTJiUcYMDtErtjY0=
github.com/justjack1521/mevium v0.0.0-20241023045245-e8a564ffc135 h1:QWI0767cqNoNMm1sYWIw+m7Vy4sTXQ8xeHaYqAxRpJ4=
github.com/justjack1521/mevium v0.0.0-20241023045245-e8a564ffc135/go.mod h1:YjKt+hYlCNh3vDPhS9cL1QvAoDwMTJiUcYMDtErtjY0=
github.com/justjack1521/mevium v0.0.0-20241029123101-ef2e1504ae4c h1:BdwnbhfAV5bg92+mHMHU4EhWBce5OWqADSG3OacY2R8=
github.com/justjack1521/mevium v0.0.0-20241029123101-ef2e1504ae4c/go.mod h1:YjKt+hYlCNh3vDPhS9cL1QvAoDwMTJiUcYMDtErtjY0=
github.com/justjack1521/mevium v0.0.0-20241029123623-9f88ae33dc5c h1:cIdlSRKlHXsUNXDDIF1yMim3RXg1yqgYm0m6wPHX7BA=
github.com/justjack1521/mevium v0.0.0-20241029123623-9f88ae33dc5c/go.mod h1:YjKt+hYlCNh3vDPhS9cL1QvAoDwMTJiUcYMDtErtjY0=
github.com/justjack1521/mevium v0.0.0-20241030033903-92845dca116c h1:jLjxkOfOmq7XphKVStPbVI6IvgnBF4aoWteGL7n93Rk=
github.com/justjack1521/mevium v0.0.0-20241030033903-92845dca116c/go.mod h1:YjKt+hYlCNh3vDPhS9cL1QvAoDwMTJiUcYMDtErtjY0=
github.com/justjack1521/mevium v0.0.0-20241030055938-e97b6008c201 h1:jNN5WTMZK/DexiwJaU9vDdjil4DKToUFEdwoD2vzSpQ=
github.com/justjack1521/mevium v0.0.0-20241030055938-e97b6008c201/go.mod h1:YjKt+hYlCNh3vDPhS9cL1QvAoDwMTJiUcYMDtErtjY0=
github.com/justjack1521/mevium v0.0.0-20241118051153-249009cef257 h1:1glXmtY8NwbSsbIf/WfWnGsCk0N4XO9j1bhVFMrjvvc=
github.com/justjack1521/mevium v0.0.0-20241118051153-249009cef257/go.mod h1:YjKt+hYlCNh3vDPhS9cL1QvAoDwMTJiUcYMDtErtjY0=
github.com/justjack1521/mevium v0.0.0-20241118052516-93baf61cc4fe h1:0m3uqbxyo/CwI0O+i5eYWx133tIoBTWAKRHH/kh2lZQ=
github.com/justjack1521/mevium v0.0.0-20241118052516-93baf61cc4fe/go.mod h1:YjKt+hYlCNh3vDPhS9cL1QvAoDwMTJiUcYMDtErtjY0=
github.com/justjack1521/mevium v0.0.0-20241118053206-164dc3589f69 h1:ftPqyURt7aKCRg9OLsBFZrb/HnPiKYTrK2mMCZ99NII=
github.com/justjack1521/mevium v0.0.0-20241118053206-164dc3589f69/go.mod h1:YjKt+hYlCNh3vDPhS9cL1QvAoDwMTJiUcYMDtErtjY0=
github.com/justjack1521/mevium v0.0.0-20241118053237-0ab2a8b4beee h1:PuJBf3r2VqP5BdJzhSy1n8zHyWzUAgMl07JmtsW3THs=
github.com/justjack1521/mevium v0.0.0-20241118053237-0ab2a8b4beee/go.mod h1:YjKt+hYlCNh3vDPhS9cL1QvAoDwMTJiUcYMDtErtjY0=
github.com/justjack1521/mevium v0.0.0-20241118053404-c11178f8ff29 h1:+8vxqfLApZDtwvFQi9MbEzLXz+bxcnXLd+XKr3lF4pw=
github.com/justjack1521/mevium v0.0.0-20241118053404-c11178f8ff29/go.mod h1:YjKt+hYlCNh3vDPhS9cL1QvAoDwMTJiUcYMDtErtjY0=
github.com/justjack1521/mevium v0.0.0-20241118114503-594ab05b35a3 h1:bexWjUoCeYh13aTxecKxmOIdeQYOI9fWRtV3XjA7+bU=
github.com/justjack1521/mevium v0.0.0-20241118114503-594ab05b35a3/go.mod h1:YjKt+hYlCNh3vDPhS9cL1QvAoDwMTJiUcYMDtErtjY0=
github.com/justjack1521/mevium v0.0.0-20241118115341-cfb2d1a480a3 h1:gOqYiZJwUmCvZigY0bvWwgmWlUhy5H200mePSE7jmjY=
github.com/justjack1521/mevium v0.0.0-20241118115341-cfb2d1a480a3/go.mod h1:YjKt+hYlCNh3vDPhS9cL1QvAoDwMTJiUcYMDtErtjY0=
github.com/justjack1521/mevium v0.0.0-20241125073016-9af371603884 h1:IEXQmh2vOAjA4GTn3xbS44iX2z/sW/I4TaHEADK8bhc=
github.com/justjack1521/mevium v0.0.0-20241125073016-9af371603884/go.mod h1:YjKt+hYlCNh3vDPhS9cL1QvAoDwMTJiUcYMDtErtjY0=
github.com/justjack1521/mevium v0.0.0-20241125073202-2431c24e1ec5 h1:kDsLd6CmxUb/x8M9FCrdeMRYTaODOnUWuP77a8K9lww=
github.com/justjack1521/mevium v0.0.0-20241125073202-2431c24e1ec5/go.mod h1:YjKt+hYlCNh3vDPhS9cL1QvAoDwMTJiUcYMDtErtjY0=
github.com/justjack1521/mevium v0.0.0-20241126071008-d122bcbdfe90 h1:6pzbAjt9B3Q09rHR81jAlXoO2McZ127A3aS/hr5FjuQ=
github.com/justjack1521/mevium v0.0.0-20241126071008-d122bcbdfe90/go.mod h1:YjKt+hYlCNh3vDPhS9cL1QvAoDwMTJiUcYMDtErtjY0=
github.com/justjack1521/mevium v0.0.0-20241215072246-57dfac845710 h1:Jt1TDMgfXAci4AJWA59DkzANY7FA1LCmcl9hWEBduW0=
github.com/justjack1521/mevium v0.0.0-20241215072246-57dfac845710/go.mod h1:YjKt+hYlCNh3vDPhS9cL1QvAoDwMTJiUcYMDtErtjY0=
github.com/justjack1521/mevium v0.0.0-20241227114131-42d5ce63d7c7 h1:CLgbOvIx+8QJyZNQGWgxRx2+tsQQLMC5pVDqZc2Ubb8=
github.com/justjack1521/mevium v0.0.0-20241227114131-42d5ce63d7c7/go.mod h1:YjKt+hYlCNh3vDPhS9cL1QvAoDwMTJiUcYMDtErtjY0=
github.com/justjack1521/mevium v0.0.0-20241231152143-617fd8f8c344 h1:4be+V2FZfTdFFLFa6G4DTnftXHfWUeK4Cv2mXpCf2VM=
github.com/justjack1521/mevium v0.0.0-20241231152143-617fd8f8c344/go.mod h1:YjKt+hYlCNh3vDPhS9cL1QvAoDwMTJiUcYMDtErtjY0=
github.com/justjack1521/mevium v0.0.0-20250102160308-cb59f763bf7f h1:x5GIMpTRw55eESLpFZMrK80DCUFooujQ1fqhb5MS72o=
github.com/justjack1521/mevium v0.0.0-20250102160308-cb59f763bf7f/go.mod h1:YjKt+hYlCNh3vDPhS9cL1QvAoDwMTJiUcYMDtErtjY0=
github.com/justjack1521/mevium v0.0.0-20250103134605-5ab8e5100783 h1:P7XW1GYO/Na9weVwFSBusW1/2VhXTmASwnQg6kQCP8Q=
github.com/justjack1521/mevium v0.0.0-20250103134605-5ab8e5100783/go.mod h1:YjKt+hYlCNh3vDPhS9cL1QvAoDwMTJiUcYMDtErtjY0=
github.com/justjack1521/mevium v0.0.0-20250103134726-0a8652d97b7f h1:CMJT5hXbpZyaquIeVQrh6eTwDUunHYXIVhVjp22GL3Y=
github.com/justjack1521/mevium v0.0.0-20250103134726-0a8652d97b7f/go.mod h1:hWgRQxHK5Trqr5HqK0n60CxwVj7qvfg98aWigwcUK98=
github.com/justjack1521/mevium v0.0.0-20250103134809-94d202fe0359 h1:7A+9d9QBYMzoqx3b1/GfLH9+LgeSkh4A3oGwaYQ+z5I=
github.com/justjack1521/mevium v0.0.0-20250103134809-94d202fe0359/go.mod h1:hWgRQxHK5Trqr5HqK0n60CxwVj7qvfg98aWigwcUK98=
github.com/justjack1521/mevium v0.0.0-20250131121653-a7854ba0081f h1:zFQeDsBYrpx5RPk1DIFX8+MwK8fj1ogOnOf+Lpx9JlU=
github.com/justjack1521/mevium v0.0.0-20250131121653-a7854ba0081f/go.mod h1:hWgRQxHK5Trqr5HqK0n60CxwVj7qvfg98aWigwcUK98=
github.com/justjack1521/mevium v0.0.0-20250201081411-5fb57f049590 h1:gmq3m5EF7gCC/34gSDYeyLf47y7mNKZyCC3150pYbyI=
github.com/justjack1521/mevium v0.0.0-20250201081411-5fb57f049590/go.mod h1:hWgRQxHK5Trqr5HqK0n60CxwVj7qvfg98aWigwcUK98=
github.com/justjack1521/mevium v0.0.0-20250201132917-5c3117827941 h1:rXqbUMx4DRj17A0RCXF0N3oF2rRuedjRqucQvkXhaBA=
github.com/justjack1521/mevium v0.0.0-20250201132917-5c3117827941/go.mod h1:hWgRQxHK5Trqr5HqK0n60CxwVj7qvfg98aWigwcUK98=
github.com/justjack1521/mevium v0.0.0-20250207085827-8509bb8e8e6f h1:B8fbdwPNMfFkdsKdTLt0J9eVO+3GjVELrYElHfOm3aw=
github.com/justjack1521/mevium v0.0.0-20250207085827-8509bb8e8e6f/go.mod h1:hWgRQxHK5Trqr5HqK0n60CxwVj7qvfg98aWigwcUK98=
github.com/justjack1521/mevium v0.0.0-20250208034830-65d694b70bdf h1:BZ51HedR7h093paAWNMl0ol/VOx5OYYrsmyMSO9CIRc=
github.com/justjack1521/mevium v0.0.0-20250208034830-65d694b70bdf/go.mod h1:hWgRQxHK5Trqr5HqK0n60CxwVj7qvfg98aWigwcUK98=
github.com/justjack1521/mevium v0.0.0-20250313062449-0a58eaa19f0a h1:AHhpNEThlhUgX1FkNFLExmig4yXuD063Fg4NgcBKo+o=
github.com/justjack1521/mevium v0.0.0-20250313062449-0a58eaa19f0a/go.mod h1:hWgRQxHK5Trqr5HqK0n60CxwVj7qvfg98aWigwcUK98=
github.com/justjack1521/mevrabbit v0.0.0-20240804051039-2cab5b6fcac6 h1:D/IE9LK3M66r83P1qtIbEsNGTw9xbD7KGBmTsuymlmk=
github.com/justjack1521/mevrabbit v0.0.0-20240804051039-2cab5b6fcac6/go.mod h1:rX1ouxxqpwpJTkG6DijqoZ7THDs5fVkWH2j/Q+z6Pdk=
github.com/justjack1521/mevrabbit v0.0.0-20241006085453-6240108089a2 h1:/iejsqA/EmNSUdkN40taUy0uvKMAp5dREfbw4pwNlqc=
github.com/justjack1521/mevrabbit v0.0.0-20241006085453-6240108089a2/go.mod h1:rX1ouxxqpwpJTkG6DijqoZ7THDs5fVkWH2j/Q+z6Pdk=
github.com/justjack1521/mevrabbit v0.0.0-20241009014915-5a415a73f581 h1:M6qLNCvGaYX0vtM+JZ10GsiPPdJ4nQpUUNJu3FajiAw=
github.com/justjack1521/mevrabbit v0.0.0-20241009014915-5a415a73f581/go.mod h1:rX1ouxxqpwpJTkG6DijqoZ7THDs5fVkWH2j/Q+z6Pdk=
github.com/justjack1521/mevrabbit v0.0.0-20241009022215-07dd23bdb250 h1:bhka8jaEfRGOf2A6dxHa+AWRafpax5raVdnX+ee3R3k=
github.com/justjack1521/mevrabbit v0.0.0-20241009022215-07dd23bdb250/go.mod h1:rX1ouxxqpwpJTkG6DijqoZ7THDs5fVkWH2j/Q+z6Pdk=
github.com/justjack1521/mevrabbit v0.0.0-20241009025835-8fcaba4dc303 h1:KnSN4EOlDNKsL7R+5EH2lIaR9T9PrNTsNoWs7jwz0is=
github.com/justjack1521/mevrabbit v0.0.0-20241009025835-8fcaba4dc303/go.mod h1:bCRtWJi8cFxYNUqwm8s4vpsjtz7aj7Gaa5xnE3PlZbc=
github.com/justjack1521/mevrabbit v0.0.0-20241009030309-4fba4ae719fb h1:pHuqDXXjx5OA2AQwtlDMtLoCuf+IUtWqGrv4epnseqQ=
github.com/justjack1521/mevrabbit v0.0.0-20241009030309-4fba4ae719fb/go.mod h1:bCRtWJi8cFxYNUqwm8s4vpsjtz7aj7Gaa5xnE3PlZbc=
github.com/justjack1521/mevrabbit v0.0.0-20241014045041-51a7f0b3f2ae h1:vfg0Hh19veyZV33BQVk4Nc+SHUlMdPQo3A7Bo54VIbc=
github.com/justjack1521/mevrabbit v0.0.0-20241014045041-51a7f0b3f2ae/go.mod h1:bCRtWJi8cFxYNUqwm8s4vpsjtz7aj7Gaa5xnE3PlZbc=
github.com/justjack1521/mevrabbit v0.0.0-20241120034927-1727a709432d h1:VaiQlw4g9vb9zaim3UXAbieW5j8lchJAC0KMfH8ZF4g=
github.com/justjack1521/mevrabbit v0.0.0-20241120034927-1727a709432d/go.mod h1:bCRtWJi8cFxYNUqwm8s4vpsjtz7aj7Gaa5xnE3PlZbc=
github.com/justjack1521/mevrelic v0.0.0-20240325132633-a0690095f5c4 h1:+IduYXPLwUhVukbqClbuq3J1fAKh6wUNX5qsSGQgt1Q=
github.com/justjack1521/mevrelic v0.0.0-20240325132633-a0690095f5c4/go.mod h1:l9/BJQk7g7K2JaT/l2s1VEmDmK4MrWYFZeCHaNsff6E=
github.com/justjack1521/mevrelic v0.0.0-20241229155832-7e1ba0c52ef1 h1:U3Nd0TIyBfEPsimmOTunRDE6Q2MwBpfroV4wiGIu308=
github.com/justjack1521/mevrelic v0.0.0-20241229155832-7e1ba0c52ef1/go.mod h1:Y9AuvZGTBwNnG1lSVIxu+Df8bKpqh4t571WTbfrvhH4=
github.com/justjack1521/mevrpc v0.0.0-20240508141837-73ab62053f83 h1:0WOayrrSC5AW4MMGiK+UHnSmf9CMwu61mKc3LrDBS7Y=
github.com/justjack1521/mevrpc v0.0.0-20240508141837-73ab62053f83/go.mod h1:JgJvjJr+HTGqAYQBOt3vGTZRe2xWUvwuJNIj2OVDsTI=
github.com/k2io/hookingo v1.0.5 h1:MAuYIjpOf2IFs7UqEDrHntNBswWg7z7/I2XMQHogEio=
github.com/k2io/hookingo v1.0.5/go.mod h1:2L1jdNjdB3NkbzSVv9Q5fq7SJhRkWyAhe65XsAp5iXk=
github.com/klauspost/cpuid/v2 v2.0.9 h1:lgaqFMSdTdQYdZ04uHyN2d/eKdOMyi2YLSvlQIBFYa4=
github.com/klauspost/cpuid/v2 v2.0.9/go.mod h1:FInQzS24/EEf25PyTYn52gqo7WaD8xa0213Md/qVLRg=
github.com/klauspost/cpuid/v2 v2.2.7 h1:ZWSB3igEs+d0qvnxR/ZBzXVmxkgt8DdzP6m9pfuVLDM=
github.com/klauspost/cpuid/v2 v2.2.7/go.mod h1:Lcz8mBdAVJIBVzewtcLocK12l3Y+JytZYpaMropDUws=
github.com/knz/go-libedit v1.10.1/go.mod h1:MZTVkCWyz0oBc7JOWP3wNAzd002ZbM/5hgShxwh4x8M=
github.com/kr/pretty v0.3.0 h1:WgNl7dwNpEZ6jJ9k1snq4pZsg7DOEN8hP9Xw0Tsjwk0=
github.com/kr/pretty v0.3.0/go.mod h1:640gp4NfQd8pI5XOwp5fnNeVWj67G7CFk/SaSQn7NBk=
github.com/kr/text v0.2.0 h1:5Nx0Ya0ZqY2ygV366QzturHI13Jq95ApcVaJBhpS+AY=
github.com/kr/text v0.2.0/go.mod h1:eLer722TekiGuMkidMxC/pM04lWEeraHUUmBw8l2grE=
github.com/leodido/go-urn v1.2.1 h1:BqpAaACuzVSgi/VLzGZIobT2z4v53pjosyNd9Yv6n/w=
github.com/leodido/go-urn v1.2.1/go.mod h1:zt4jvISO2HfUBqxjfIshjdMTYS56ZS/qv49ictyFfxY=
github.com/leodido/go-urn v1.4.0 h1:WT9HwE9SGECu3lg4d/dIA+jxlljEa1/ffXKmRjqdmIQ=
github.com/leodido/go-urn v1.4.0/go.mod h1:bvxc+MVxLKB4z00jd1z+Dvzr47oO32F/QSNjSBOlFxI=
github.com/lib/pq v1.1.0 h1:/5u4a+KGJptBRqGzPvYQL9p0d/tPR4S31+Tnzj9lEO4=
github.com/lib/pq v1.1.0/go.mod h1:5WUZQaWbwv1U+lTReE5YruASi9Al49XbQIvNi/34Woo=
github.com/mattn/go-isatty v0.0.17 h1:BTarxUcIeDqL27Mc+vyvdWYSL28zpIhv3RoTdsLMPng=
github.com/mattn/go-isatty v0.0.17/go.mod h1:kYGgaQfpe5nmfYZH+SKPsOc2e4SrIfOl2e/yFXSvRLM=
github.com/mattn/go-isatty v0.0.20 h1:xfD0iDuEKnDkl03q4limB+vH+GxLEtL/jb4xVJSWWEY=
github.com/mattn/go-isatty v0.0.20/go.mod h1:W+V8PltTTMOvKvAeJH7IuucS94S2C6jfK/D7dTCTo3Y=
github.com/modern-go/concurrent v0.0.0-20180228061459-e0a39a4cb421 h1:ZqeYNhU3OHLH3mGKHDcjJRFFRrJa6eAM5H+CtDdOsPc=
github.com/modern-go/concurrent v0.0.0-20180228061459-e0a39a4cb421/go.mod h1:6dJC0mAP4ikYIbvyc7fijjWJddQyLn8Ig3JB5CqoB9Q=
github.com/modern-go/concurrent v0.0.0-20180306012644-bacd9c7ef1dd h1:TRLaZ9cD/w8PVh93nsPXa1VrQ6jlwL5oN8l14QlcNfg=
github.com/modern-go/concurrent v0.0.0-20180306012644-bacd9c7ef1dd/go.mod h1:6dJC0mAP4ikYIbvyc7fijjWJddQyLn8Ig3JB5CqoB9Q=
github.com/modern-go/reflect2 v1.0.2 h1:xBagoLtFs94CBntxluKeaWgTMpvLxC4ur3nMaC9Gz0M=
github.com/modern-go/reflect2 v1.0.2/go.mod h1:yWuevngMOJpCy52FWWMvUC8ws7m/LJsjYzDa0/r8luk=
github.com/newrelic/csec-go-agent v1.2.0 h1:IAIVmnxO/AT0R60vrJTq2qRcxSWaq3cPg8gWvZANfvY=
github.com/newrelic/csec-go-agent v1.2.0/go.mod h1:mK1r8xvpOboi1nV04QoQvTt9aiRoPGduF0e8AkQeExI=
github.com/newrelic/go-agent/v3 v3.3.0/go.mod h1:H28zDNUC0U/b7kLoY4EFOhuth10Xu/9dchozUiOseQQ=
github.com/newrelic/go-agent/v3 v3.33.1 h1:eWOtty43cyxrMKws4VNPdebgEB6ujFTf0yxPsgB0M80=
github.com/newrelic/go-agent/v3 v3.33.1/go.mod h1:SMdqPzE/ghkWdY0rYGSD7Clw2daK/XH6pUnVd4albg4=
github.com/newrelic/go-agent/v3/integrations/logcontext-v2/nrlogrus v1.0.0 h1:i7maT5Pi3qv2xlUU/vm/C5BkG8YMLlIHfIWtMmXz7cY=
github.com/newrelic/go-agent/v3/integrations/logcontext-v2/nrlogrus v1.0.0/go.mod h1:zYcBp4EDE47PUsZZAzEZ36QGC9YU2Wx9FSQ3goi7cCg=
github.com/newrelic/go-agent/v3/integrations/nrgrpc v1.4.2 h1:V5Pwpw8QO1YtrFkbAxyt8+vKxm6jZrphE8JU2LWR8nI=
github.com/newrelic/go-agent/v3/integrations/nrgrpc v1.4.2/go.mod h1:QwK7qLJ1J/rThde3LVDOjv0QhNXPmvOSHDUg7VKOhR0=
github.com/newrelic/go-agent/v3/integrations/nrpq v1.1.1 h1:HlVcLXw7ZZPjeRx3lQUAN8qfpJVDmuq4L237M1+PS8A=
github.com/newrelic/go-agent/v3/integrations/nrpq v1.1.1/go.mod h1:UvI7Z0Dok/36E44UiTysh9HQZudDdpiChbe3+eqSB0I=
github.com/newrelic/go-agent/v3/integrations/nrredis-v8 v1.0.1 h1:Lyki5cynOOWE6tyMaqwPApcHiZrB2ZkcPFxG6MVaCzU=
github.com/newrelic/go-agent/v3/integrations/nrredis-v8 v1.0.1/go.mod h1:b4+ck80By2wXj+Bmrv6OLwqxye27X+v77+Eq22BzXwk=
github.com/newrelic/go-agent/v3/integrations/nrsecurityagent v1.1.0 h1:gqkTDYUHWUyiG+u0PJQCRh98rcHLxP/w7GtIbJDVULY=
github.com/newrelic/go-agent/v3/integrations/nrsecurityagent v1.1.0/go.mod h1:3wugGvRmOVYov/08y+D8tB1uYIZds5bweVdr5vo4Gbs=
github.com/nxadm/tail v1.4.8 h1:nPr65rt6Y5JFSKQO7qToXr7pePgD6Gwiw05lkbyAQTE=
github.com/nxadm/tail v1.4.8/go.mod h1:+ncqLTQzXmGhMZNUePPaPqPvBxHAIsmXswZKocGu+AU=
github.com/onsi/ginkgo v1.16.5 h1:8xi0RTUf59SOSfEtZMvwTvXYMzG4gV23XVHOZiXNtnE=
github.com/onsi/ginkgo v1.16.5/go.mod h1:+E8gABHa3K6zRBolWtd+ROzc/U5bkGt0FwiG042wbpU=
github.com/onsi/gomega v1.18.1 h1:M1GfJqGRrBrrGGsbxzV5dqM2U2ApXefZCQpkukxYRLE=
github.com/onsi/gomega v1.18.1/go.mod h1:0q+aL8jAiMXy9hbwj2mr5GziHiwhAIQpFmmtT5hitRs=
github.com/opentracing/opentracing-go v1.2.0 h1:uEJPy/1a5RIPAJ0Ov+OIO8OxWu77jEv+1B0VhjKrZUs=
github.com/opentracing/opentracing-go v1.2.0/go.mod h1:GxEUsuufX4nBwe+T+Wl9TAgYrxe9dPLANfrWvHYVTgc=
github.com/pelletier/go-toml/v2 v2.0.6 h1:nrzqCb7j9cDFj2coyLNLaZuJTLjWjlaz6nvTvIwycIU=
github.com/pelletier/go-toml/v2 v2.0.6/go.mod h1:eumQOmlWiOPt5WriQQqoM5y18pDHwha2N+QD+EUNTek=
github.com/pelletier/go-toml/v2 v2.2.1 h1:9TA9+T8+8CUCO2+WYnDLCgrYi9+omqKXyjDtosvtEhg=
github.com/pelletier/go-toml/v2 v2.2.1/go.mod h1:1t835xjRzz80PqgE6HHgN2JOsmgYu/h4qDAS4n929Rs=
github.com/pkg/errors v0.9.1 h1:FEBLx1zS214owpjy7qsBeixbURkuhQAwrK5UwLGTwt4=
github.com/pkg/errors v0.9.1/go.mod h1:bwawxfHBFNV+L2hUp1rHADufV3IMtnDRdf1r5NINEl0=
github.com/pmezard/go-difflib v1.0.0 h1:4DBwDE0NGyQoBHbLQYPwSUPoCMWR5BEzIk/f1lZbAQM=
github.com/pmezard/go-difflib v1.0.0/go.mod h1:iKH77koFhYxTK1pcRnkKkqfTogsbg7gZNVY4sRDYZ/4=
github.com/prometheus-community/pro-bing v0.4.1 h1:aMaJwyifHZO0y+h8+icUz0xbToHbia0wdmzdVZ+Kl3w=
github.com/prometheus-community/pro-bing v0.4.1/go.mod h1:aLsw+zqCaDoa2RLVVSX3+UiCkBBXTMtZC3c7EkfWnAE=
github.com/rabbitmq/amqp091-go v1.10.0 h1:STpn5XsHlHGcecLmMFCtg7mqq0RnD+zFr4uzukfVhBw=
github.com/rabbitmq/amqp091-go v1.10.0/go.mod h1:Hy4jKW5kQART1u+JkDTF9YYOQUHXqMuhrgxOEeS7G4o=
github.com/rogpeppe/go-internal v1.8.0 h1:FCbCCtXNOY3UtUuHUYaghJg4y7Fd14rXifAYUAtL9R8=
github.com/rogpeppe/go-internal v1.8.0/go.mod h1:WmiCO8CzOY8rg0OYDC4/i/2WRWAB6poM+XZ2dLUbcbE=
github.com/samber/lo v1.44.0 h1:5il56KxRE+GHsm1IR+sZ/6J42NODigFiqCWpSc2dybA=
github.com/samber/lo v1.44.0/go.mod h1:RmDH9Ct32Qy3gduHQuKJ3gW1fMHAnE/fAzQuf6He5cU=
github.com/samber/slog-common v0.17.0 h1:HdRnk7QQTa9ByHlLPK3llCBo8ZSX3F/ZyeqVI5dfMtI=
github.com/samber/slog-common v0.17.0/go.mod h1:mZSJhinB4aqHziR0SKPqpVZjJ0JO35JfH+dDIWqaCBk=
github.com/samber/slog-logrus/v2 v2.5.0 h1:0R1QlxBApEX6GOdCulqvDbeOK09LCSUDSEjVvm5ZeD4=
github.com/samber/slog-logrus/v2 v2.5.0/go.mod h1:xN6h40pDGXSJDgZsttF9KtaIV7dtpjeoBDpw8TpvRr8=
github.com/satori/go.uuid v1.2.0 h1:0uYX9dsZ2yD7q2RtLRtPSdGDWzjeM3TbMJP9utgA0ww=
github.com/satori/go.uuid v1.2.0/go.mod h1:dA0hQrYB0VpLJoorglMZABFdXlWrHn1NEOzdhQKdks0=
github.com/segmentio/ksuid v1.0.4 h1:sBo2BdShXjmcugAMwjugoGUdUV0pcxY5mW4xKRn3v4c=
github.com/segmentio/ksuid v1.0.4/go.mod h1:/XUiZBD3kVx5SmUOl55voK5yeAbBNNIed+2O73XgrPE=
github.com/sirupsen/logrus v1.9.3 h1:dueUQJ1C2q9oE3F7wvmSGAaVtTmUizReu6fjN8uqzbQ=
github.com/sirupsen/logrus v1.9.3/go.mod h1:naHLuLoDiP4jHNo9R0sCBMtWGeIprob74mVsIT4qYEQ=
github.com/stretchr/objx v0.1.0/go.mod h1:HFkY916IF+rwdDfMAkV7OtwuqBVzrE8GR6GFx+wExME=
github.com/stretchr/objx v0.4.0/go.mod h1:YvHI0jy2hoMjB+UWwv71VJQ9isScKT/TqJzVSSt89Yw=
github.com/stretchr/objx v0.5.0/go.mod h1:Yh+to48EsGEfYuaHDzXPcE3xhTkx73EhmCGUpEOglKo=
github.com/stretchr/objx v0.5.2/go.mod h1:FRsXN1f5AsAjCGJKqEizvkpNtU+EGNCLh3NxZ/8L+MA=
github.com/stretchr/testify v1.3.0/go.mod h1:M5WIy9Dh21IEIfnGCwXGc5bZfKNJtfHm1UVUgZn+9EI=
github.com/stretchr/testify v1.6.1/go.mod h1:6Fq8oRcR53rry900zMqJjRRixrwX3KX962/h/Wwjteg=
github.com/stretchr/testify v1.7.0/go.mod h1:6Fq8oRcR53rry900zMqJjRRixrwX3KX962/h/Wwjteg=
github.com/stretchr/testify v1.7.1/go.mod h1:6Fq8oRcR53rry900zMqJjRRixrwX3KX962/h/Wwjteg=
github.com/stretchr/testify v1.8.0/go.mod h1:yNjHg4UonilssWZ8iaSj1OCr/vHnekPRkoO+kdMU+MU=
github.com/stretchr/testify v1.8.1/go.mod h1:w2LPCIKwWwSfY2zedu0+kehJoqGctiVI29o6fzry7u4=
github.com/stretchr/testify v1.8.4/go.mod h1:sz/lmYIOXD/1dqDmKjjqLyZ2RngseejIcXlSw2iwfAo=
github.com/stretchr/testify v1.9.0 h1:HtqpIVDClZ4nwg75+f6Lvsy/wHu+3BoSGCbBAcpTsTg=
github.com/stretchr/testify v1.9.0/go.mod h1:r2ic/lqez/lEtzL7wO/rwa5dbSLXVDPFyf8C91i36aY=
github.com/twitchyliquid64/golang-asm v0.15.1 h1:SU5vSMR7hnwNxj24w34ZyCi/FmDZTkS4MhqMhdFk5YI=
github.com/twitchyliquid64/golang-asm v0.15.1/go.mod h1:a1lVb/DtPvCB8fslRZhAngC2+aY1QWCk3Cedj/Gdt08=
github.com/ugorji/go/codec v1.2.9 h1:rmenucSohSTiyL09Y+l2OCk+FrMxGMzho2+tjr5ticU=
github.com/ugorji/go/codec v1.2.9/go.mod h1:UNopzCgEMSXjBc6AOMqYvWC1ktqTAfzJZUZgYf6w6lg=
github.com/ugorji/go/codec v1.2.12 h1:9LC83zGrHhuUA9l16C9AHXAqEV/2wBQ4nkvumAE65EE=
github.com/ugorji/go/codec v1.2.12/go.mod h1:UNopzCgEMSXjBc6AOMqYvWC1ktqTAfzJZUZgYf6w6lg=
github.com/wagslane/go-rabbitmq v0.14.2 h1:3l75Unsy0b8sb3ILqJxMTXkQLUPI67BOuubV9YBjGLE=
github.com/wagslane/go-rabbitmq v0.14.2/go.mod h1:6sCLt2wZoxyC73G7u/yD6/RX/yYf+x5D8SQk8nsa4Lc=
go.uber.org/goleak v1.3.0 h1:2K3zAYmnTNqV73imy9J1T3WC+gmCePx2hEGkimedGto=
go.uber.org/goleak v1.3.0/go.mod h1:CoHD4mav9JJNrW/WLlf7HGZPjdw8EucARQHekz1X6bE=
golang.org/x/arch v0.0.0-20210923205945-b76863e36670 h1:18EFjUmQOcUvxNYSkA6jO9VAiXCnxFY6NyDX0bHDmkU=
golang.org/x/arch v0.0.0-20210923205945-b76863e36670/go.mod h1:5om86z9Hs0C8fWVUuoMHwpExlXzs5Tkyp9hOrfG7pp8=
golang.org/x/arch v0.7.0 h1:pskyeJh/3AmoQ8CPE95vxHLqp1G1GfGNXTmcl9NEKTc=
golang.org/x/arch v0.7.0/go.mod h1:FEVrYAQjsQXMVJ1nsMoVVXPZg6p2JE2mx8psSWTDQys=
golang.org/x/crypto v0.22.0 h1:g1v0xeRhjcugydODzvb3mEM9SQ0HGp9s/nh3COQ/C30=
golang.org/x/crypto v0.22.0/go.mod h1:vr6Su+7cTlO45qkww3VDJlzDn0ctJvRgYbC2NvXHt+M=
golang.org/x/crypto v0.25.0 h1:ypSNr+bnYL2YhwoMt2zPxHFmbAN1KZs/njMG3hxUp30=
golang.org/x/crypto v0.25.0/go.mod h1:T+wALwcMOSE0kXgUAnPAHqTLW+XHgcELELW8VaDgm/M=
golang.org/x/net v0.0.0-20211029224645-99673261e6eb/go.mod h1:9nx3DQGgdP8bBQD5qxJ1jj9UTztislL4KSBs9R2vV5Y=
golang.org/x/net v0.21.0 h1:AQyQV4dYCvJ7vGmJyKki9+PBdyvhkSd8EIx/qb0AYv4=
golang.org/x/net v0.21.0/go.mod h1:bIjVDfnllIU7BJ2DNgfnXvpSvtn8VRwhlsaeUTyUS44=
golang.org/x/net v0.24.0 h1:1PcaxkF854Fu3+lvBIx5SYn9wRlBzzcnHZSiaFFAb0w=
golang.org/x/net v0.24.0/go.mod h1:2Q7sJY5mzlzWjKtYUEXSlBWCdyaioyXzRB2RtU8KVE8=
golang.org/x/net v0.27.0 h1:5K3Njcw06/l2y9vpGCSdcxWOYHOUk3dVNGDXN+FvAys=
golang.org/x/net v0.27.0/go.mod h1:dDi0PyhWNoiUOrAS8uXv/vnScO4wnHQO4mj9fn/RytE=
golang.org/x/sync v0.6.0 h1:5BMeUDZ7vkXGfEr1x9B4bRcTH4lpkTkpdh0T/J+qjbQ=
golang.org/x/sync v0.6.0/go.mod h1:Czt+wKu1gCyEFDUtn0jG5QVvpJ6rzVqr5aXyt9drQfk=
golang.org/x/sync v0.7.0 h1:YsImfSBoP9QPYL0xyKJPq0gcaJdG3rInoqxTWbfQu9M=
golang.org/x/sync v0.7.0/go.mod h1:Czt+wKu1gCyEFDUtn0jG5QVvpJ6rzVqr5aXyt9drQfk=
golang.org/x/sys v0.0.0-20201119102817-f84b799fce68/go.mod h1:h1NjWce9XRLGQEsW7wpKNCjG9DtNlClVuFLEZdDNbEs=
golang.org/x/sys v0.0.0-20210423082822-04245dca01da/go.mod h1:h1NjWce9XRLGQEsW7wpKNCjG9DtNlClVuFLEZdDNbEs=
golang.org/x/sys v0.0.0-20220715151400-c0bba94af5f8/go.mod h1:oPkhp1MJrh7nUepCBck5+mAzfO9JrbApNNgaTdGDITg=
golang.org/x/sys v0.0.0-20220811171246-fbc7d0a398ab/go.mod h1:oPkhp1MJrh7nUepCBck5+mAzfO9JrbApNNgaTdGDITg=
golang.org/x/sys v0.5.0/go.mod h1:oPkhp1MJrh7nUepCBck5+mAzfO9JrbApNNgaTdGDITg=
golang.org/x/sys v0.6.0/go.mod h1:oPkhp1MJrh7nUepCBck5+mAzfO9JrbApNNgaTdGDITg=
golang.org/x/sys v0.19.0 h1:q5f1RH2jigJ1MoAWp2KTp3gm5zAGFUTarQZ5U386+4o=
golang.org/x/sys v0.19.0/go.mod h1:/VUhepiaJMQUp4+oa/7Zr1D23ma6VTLIYjOOTFZPUcA=
golang.org/x/sys v0.22.0 h1:RI27ohtqKCnwULzJLqkv897zojh5/DwS/ENaMzUOaWI=
golang.org/x/sys v0.22.0/go.mod h1:/VUhepiaJMQUp4+oa/7Zr1D23ma6VTLIYjOOTFZPUcA=
golang.org/x/term v0.0.0-20201126162022-7de9c90e9dd1/go.mod h1:bj7SfCRtBDWHUb9snDiAeCFNEtKQo2Wmx5Cou7ajbmo=
golang.org/x/text v0.3.6/go.mod h1:5Zoc/QRtKVWzQhOtBMvqHzDpF6irO9z98xDceosuGiQ=
golang.org/x/text v0.14.0 h1:ScX5w1eTa3QqT8oi6+ziP7dTV1S2+ALU0bI+0zXKWiQ=
golang.org/x/text v0.14.0/go.mod h1:18ZOQIKpY8NJVqYksKHtTdi31H5itFRjB5/qKTNYzSU=
golang.org/x/text v0.16.0 h1:a94ExnEXNtEwYLGJSIUxnWoxoRz/ZcCsV63ROupILh4=
golang.org/x/text v0.16.0/go.mod h1:GhwF1Be+LQoKShO3cGOHzqOgRrGaYc9AvblQOmPVHnI=
golang.org/x/tools v0.0.0-20180917221912-90fa682c2a6e/go.mod h1:n7NCudcB/nEzxVGmLbDWY5pfWTLqBcC2KZ6jyYvM4mQ=
golang.org/x/xerrors v0.0.0-20191204190536-9bdfabe68543/go.mod h1:I/5z698sn9Ka8TeJc9MKroUUfqBBauWjQqLJ2OPfmY0=
google.golang.org/genproto/googleapis/rpc v0.0.0-20240123012728-ef4313101c80 h1:AjyfHzEPEFp/NpvfN5g+KDla3EMojjhRVZc1i7cj+oM=
google.golang.org/genproto/googleapis/rpc v0.0.0-20240123012728-ef4313101c80/go.mod h1:PAREbraiVEVGVdTZsVWjSbbTtSyGbAgIIvni8a8CD5s=
google.golang.org/grpc v1.62.1 h1:B4n+nfKzOICUXMgyrNd19h/I9oH0L1pizfk1d4zSgTk=
google.golang.org/grpc v1.62.1/go.mod h1:IWTG0VlJLCh1SkC58F7np9ka9mx/WNkjl4PGJaiq+QE=
google.golang.org/protobuf v1.26.0-rc.1/go.mod h1:jlhhOSvTdKEhbULTjvd4ARK9grFBp09yW+WbY/TyQbw=
google.golang.org/protobuf v1.26.0/go.mod h1:9q0QmTI4eRPtz6boOQmLYwt+qCgq0jsYwAQnmE0givc=
google.golang.org/protobuf v1.32.0 h1:pPC6BG5ex8PDFnkbrGU3EixyhKcQ2aDuBS36lqK/C7I=
google.golang.org/protobuf v1.32.0/go.mod h1:c6P6GXX6sHbq/GpV6MGZEdwhWPcYBgnhAHhKbcUYpos=
google.golang.org/protobuf v1.34.0 h1:Qo/qEd2RZPCf2nKuorzksSknv0d3ERwp1vFG38gSmH4=
google.golang.org/protobuf v1.34.0/go.mod h1:c6P6GXX6sHbq/GpV6MGZEdwhWPcYBgnhAHhKbcUYpos=
gopkg.in/check.v1 v0.0.0-20161208181325-20d25e280405/go.mod h1:Co6ibVJAznAaIkqp8huTwlJQCZ016jof/cbN4VW5Yz0=
gopkg.in/check.v1 v1.0.0-20201130134442-10cb98267c6c h1:Hei/4ADfdWqJk1ZMxUNpqntNwaWcugrBjAiHlqqRiVk=
gopkg.in/check.v1 v1.0.0-20201130134442-10cb98267c6c/go.mod h1:JHkPIbrfpd72SG/EVd6muEfDQjcINNoR0C8j2r3qZ4Q=
gopkg.in/tomb.v1 v1.0.0-20141024135613-dd632973f1e7 h1:uRGJdciOHaEIrze2W8Q3AKkepLTh2hOroT7a+7czfdQ=
gopkg.in/tomb.v1 v1.0.0-20141024135613-dd632973f1e7/go.mod h1:dt/ZhP58zS4L8KSrWDmTeBkI65Dw0HsyUHuEVlX15mw=
gopkg.in/yaml.v2 v2.4.0 h1:D8xgwECY7CYvx+Y2n4sBz93Jn9JRvxdiyyo8CTfuKaY=
gopkg.in/yaml.v2 v2.4.0/go.mod h1:RDklbk79AGWmwhnvt/jBztapEOGDOx6ZbXqjP6csGnQ=
gopkg.in/yaml.v3 v3.0.0-20200313102051-9f266ea9e77c/go.mod h1:K4uyk7z7BCEPqu6E+C64Yfv1cQ7kz7rIZviUmN+EgEM=
gopkg.in/yaml.v3 v3.0.1 h1:fxVm/GzAzEWqLHuvctI91KS9hhNmmWOoWu0XTYJS7CA=
gopkg.in/yaml.v3 v3.0.1/go.mod h1:K4uyk7z7BCEPqu6E+C64Yfv1cQ7kz7rIZviUmN+EgEM=
gorm.io/driver/postgres v1.5.9 h1:DkegyItji119OlcaLjqN11kHoUgZ/j13E0jkJZgD6A8=
gorm.io/driver/postgres v1.5.9/go.mod h1:DX3GReXH+3FPWGrrgffdvCk3DQ1dwDPdmbenSkweRGI=
gorm.io/gorm v1.25.10 h1:dQpO+33KalOA+aFYGlK+EfxcI5MbO7EP2yYygwh9h+s=
gorm.io/gorm v1.25.10/go.mod h1:hbnx/Oo0ChWMn1BIhpy1oYozzpM15i4YPuHDmfYtwg8=
nullprogram.com/x/optparse v1.0.0/go.mod h1:KdyPE+Igbe0jQUrVfMqDMeJQIJZEuyV7pjYmp6pbG50=
rsc.io/pdf v0.1.1/go.mod h1:n8OzWcQ6Sp37PL01nO98y4iUCRdTGarVfzxY20ICaU4=
