github.com/BurntSushi/toml v0.3.1 h1:WXkYYl6Yr3qBf1K79EBnL4mak0OimBfB0XUf9Vl28OQ=
github.com/BurntSushi/toml v0.3.1/go.mod h1:xHWCNGjB5oqiDr8zfno3MHue2Ht5sIBksp03qcyfWMU=
github.com/creack/pty v1.1.9/go.mod h1:oKZEueFk5CKHvIhNR5MUki03XCEU+Q6VDXinZuGJ33E=
github.com/davecgh/go-spew v1.1.0/go.mod h1:J7Y8YcW2NihsgmVo/mv3lAwl/skON4iLHjSsI+c5H38=
github.com/davecgh/go-spew v1.1.1 h1:vj9j/u1bqnvCEfJOwUhtlOARqs3+rkHYY13jYWTU97c=
github.com/davecgh/go-spew v1.1.1/go.mod h1:J7Y8YcW2NihsgmVo/mv3lAwl/skON4iLHjSsI+c5H38=
github.com/gin-contrib/sse v0.1.0 h1:Y/yl/+YNO8GZSjAhjMsSuLt29uWRFHdHYUb5lYOV9qE=
github.com/gin-contrib/sse v0.1.0/go.mod h1:RHrZQHXnP2xjPF+u1gW/2HnVO7nvIa9PG3Gm+fLHvGI=
github.com/gin-gonic/gin v1.8.2 h1:UzKToD9/PoFj/V4rvlKqTRKnQYyz8Sc1MJlv4JHPtvY=
github.com/gin-gonic/gin v1.8.2/go.mod h1:qw5AYuDrzRTnhvusDsrov+fDIxp9Dleuu12h8nfB398=
github.com/gin-gonic/gin v1.9.0/go.mod h1:W1Me9+hsUSyj3CePGrd1/QrKJMSJ1Tu/0hFEH89961k=
github.com/go-playground/assert/v2 v2.0.1 h1:MsBgLAaY856+nPRTKrp3/OZK38U/wa0CcBYNjji3q3A=
github.com/go-playground/assert/v2 v2.0.1/go.mod h1:VDjEfimB/XKnb+ZQfWdccd7VUvScMdVu0Titje2rxJ4=
github.com/go-playground/locales v0.14.0 h1:u50s323jtVGugKlcYeyzC0etD1HifMjqmJqb8WugfUU=
github.com/go-playground/locales v0.14.0/go.mod h1:sawfccIbzZTqEDETgFXqTho0QybSa7l++s0DH+LDiLs=
github.com/go-playground/locales v0.14.1/go.mod h1:hxrqLVvrK65+Rwrd5Fc6F2O76J/NuW9t0sjnWqG1slY=
github.com/go-playground/universal-translator v0.18.0 h1:82dyy6p4OuJq4/CByFNOn/jYrnRPArHwAcmLoJZxyho=
github.com/go-playground/universal-translator v0.18.0/go.mod h1:UvRDBj+xPUEGrFYl+lu/H90nyDXpg0fqeB/AQUGNTVA=
github.com/go-playground/universal-translator v0.18.1/go.mod h1:xekY+UJKNuX9WP91TpwSH2VMlDf28Uj24BCp08ZFTUY=
github.com/go-playground/validator/v10 v10.11.1 h1:prmOlTVv+YjZjmRmNSF3VmspqJIxJWXmqUsHwfTRRkQ=
github.com/go-playground/validator/v10 v10.11.1/go.mod h1:i+3WkQ1FvaUjjxh1kSvIA4dMGDBiPU55YFDl0WbKdWU=
github.com/go-playground/validator/v10 v10.11.2/go.mod h1:NieE624vt4SCTJtD87arVLvdmjPAeV8BQlHtMnw9D7s=
github.com/goccy/go-json v0.9.11 h1:/pAaQDLHEoCq/5FFmSKBswWmK6H0e8g4159Kc/X/nqk=
github.com/goccy/go-json v0.9.11/go.mod h1:6MelG93GURQebXPDq3khkgXZkazVtN9CRI+MGFi0w8I=
github.com/goccy/go-json v0.10.0/go.mod h1:6MelG93GURQebXPDq3khkgXZkazVtN9CRI+MGFi0w8I=
github.com/golang/protobuf v1.5.0/go.mod h1:FsONVRAS9T7sI+LIUmWTfcYkHO4aIWwzhcaSAoJOfIk=
github.com/golang/protobuf v1.5.2 h1:ROPKBNFfQgOUMifHyP+KYbvpjbdoFNs+aK7DXlji0Tw=
github.com/golang/protobuf v1.5.2/go.mod h1:XVQd3VNwM+JqD3oG2Ue2ip4fOMUkwXdXDdiuN0vRsmY=
github.com/golang/protobuf v1.5.3/go.mod h1:XVQd3VNwM+JqD3oG2Ue2ip4fOMUkwXdXDdiuN0vRsmY=
github.com/google/go-cmp v0.5.5/go.mod h1:v8dTdLbMG2kIc/vJvl+f65V22dbkXbowE6jgT/gNBxE=
github.com/google/go-cmp v0.5.9 h1:O2Tfq5qg4qc4AmwVlvv0oLiVAGB7enBSJ2x2DqQFi38=
github.com/google/gofuzz v1.0.0/go.mod h1:dBl0BpW6vV/+mYPU4Po3pmUjxk6FQPldtuIdl/M65Eg=
github.com/gorilla/websocket v1.5.0 h1:PPwGk2jz7EePpoHN/+ClbZu8SPxiqlu12wZP/3sWmnc=
github.com/gorilla/websocket v1.5.0/go.mod h1:YR8l580nyteQvAITg2hZ9XVh4b55+EU/adAjf1fMHhE=
github.com/jinzhu/configor v1.2.1 h1:OKk9dsR8i6HPOCZR8BcMtcEImAFjIhbJFZNyn5GCZko=
github.com/jinzhu/configor v1.2.1/go.mod h1:nX89/MOmDba7ZX7GCyU/VIaQ2Ar2aizBl2d3JLF/rDc=
github.com/json-iterator/go v1.1.12 h1:PV8peI4a0ysnczrg+LtxykD8LfKY9ML6u2jnxaEnrnM=
github.com/json-iterator/go v1.1.12/go.mod h1:e30LSqwooZae/UwlEbR2852Gd8hjQvJoHmT4TnhNGBo=
github.com/justjack1521/mevium v0.0.0-20230225121315-1d9e103c8e2a h1:LZM8ftM6RmgtwyeRK+v7j7NhLHLdlSgkFdgCH3yI2Yg=
github.com/justjack1521/mevium v0.0.0-20230225121315-1d9e103c8e2a/go.mod h1:KKq4vlTEOKFlRFJ4r0p/RiwuPWQQ3GtnfucoDLwkTsk=
github.com/justjack1521/mevium v0.0.0-20230228044014-3af1291c58a5 h1:aqfivbeKK3apNWRSQzrV9/Xe2XZfqYdSDY1Y8AqnnI0=
github.com/justjack1521/mevium v0.0.0-20230228044014-3af1291c58a5/go.mod h1:A729Po1AzIwIAeCErAp7P5ivIvVhU+n9IOBG9JVWDBw=
github.com/justjack1521/mevium v0.0.0-20230228103926-403856c401bc h1:0Ew9nK+oTdowhU6+6nwsfBtm1v4L9QN+EWoo1xqa6FM=
github.com/justjack1521/mevium v0.0.0-20230228103926-403856c401bc/go.mod h1:A729Po1AzIwIAeCErAp7P5ivIvVhU+n9IOBG9JVWDBw=
github.com/justjack1521/mevium v0.0.0-20230228115517-433dfeb57cef h1:Xj+MslDJtZjyoQDntj02FiM2oG9kisQGK2zFahtxXYU=
github.com/justjack1521/mevium v0.0.0-20230228115517-433dfeb57cef/go.mod h1:A729Po1AzIwIAeCErAp7P5ivIvVhU+n9IOBG9JVWDBw=
github.com/justjack1521/mevium v0.0.0-20230228120252-215d5fd86db2 h1:3Ol8yUz6yu6mIiKtEXZ3VOpfeGET0OEimosdLiuhykI=
github.com/justjack1521/mevium v0.0.0-20230228120252-215d5fd86db2/go.mod h1:QPDC5iBiXsnHywMcIvkWnMEASglcjGXfifoPhgDttdE=
github.com/justjack1521/mevium v0.0.0-20230228120451-90286d7a49c4 h1:0TUFVyin7NxYOVW/L3ravc0lDuqwzj6DB0QsPCMItLE=
github.com/justjack1521/mevium v0.0.0-20230228120451-90286d7a49c4/go.mod h1:QPDC5iBiXsnHywMcIvkWnMEASglcjGXfifoPhgDttdE=
github.com/justjack1521/mevium v0.0.0-20230301013659-432fa08ec029 h1:RjRel0inKqxweXnBfpqmetPoC3hYEoYa7LeqU+3f9po=
github.com/justjack1521/mevium v0.0.0-20230301013659-432fa08ec029/go.mod h1:QPDC5iBiXsnHywMcIvkWnMEASglcjGXfifoPhgDttdE=
github.com/justjack1521/mevium v0.0.0-20230302121852-d59640001300 h1:XnwmUGVhjJj4taFgwzXoJLvBfZ3acGbCKT/yddlo+Ns=
github.com/justjack1521/mevium v0.0.0-20230302121852-d59640001300/go.mod h1:ij7uUceK/ulyQmrmy5+Gg2FHqXlD8mIzk+TRJxJ3oTo=
github.com/justjack1521/mevium v0.0.0-20230303095150-616e3835c467 h1:zunSKF9NhqFosgE0HWFvybeIGg0kLOiZX98BSqvXCXk=
github.com/justjack1521/mevium v0.0.0-20230303095150-616e3835c467/go.mod h1:NGWMpXkQrQ1joRHxRyn1vJLASdSAj4+fS73G2YBltNw=
github.com/justjack1521/mevium v0.0.0-20230305092844-b67265349fe9 h1:UsFN1eKVATFofnh+r3ReQVT50+dvLDVAQQMGPzMAhFU=
github.com/justjack1521/mevium v0.0.0-20230305092844-b67265349fe9/go.mod h1:2bObBefgu5y8ZUwMdGo0f+FqQ+U2a4zdMOC8nD6gKGc=
github.com/justjack1521/mevium v0.0.0-20230305100026-ae17c9739b4a h1:Vgy7OoKGMW/N0KpBZGwW3u+JmfU0gLMipQohFIDG1oI=
github.com/justjack1521/mevium v0.0.0-20230305100026-ae17c9739b4a/go.mod h1:2bObBefgu5y8ZUwMdGo0f+FqQ+U2a4zdMOC8nD6gKGc=
github.com/justjack1521/mevium v0.0.0-20230306025554-80cf8f26e197 h1:2l8Qf+tTbYgvy/aY+SZkiB8NGLKQ0ls1653I9wNS1p0=
github.com/justjack1521/mevium v0.0.0-20230306025554-80cf8f26e197/go.mod h1:2bObBefgu5y8ZUwMdGo0f+FqQ+U2a4zdMOC8nD6gKGc=
github.com/justjack1521/mevium v0.0.0-20230306074217-3478a06a7f49 h1:rKYvo6a7+Lfn5eUkXD3TmULhnVkC2ffZUk3CSShD/hY=
github.com/justjack1521/mevium v0.0.0-20230306074217-3478a06a7f49/go.mod h1:2bObBefgu5y8ZUwMdGo0f+FqQ+U2a4zdMOC8nD6gKGc=
github.com/justjack1521/mevium v0.0.0-20230306075310-e4efaa796c34 h1:qHn+zOoODtNb31+xkWD5zgFMjxmdfO9tUQFDNsm3bzA=
github.com/justjack1521/mevium v0.0.0-20230306075310-e4efaa796c34/go.mod h1:2bObBefgu5y8ZUwMdGo0f+FqQ+U2a4zdMOC8nD6gKGc=
github.com/justjack1521/mevium v0.0.0-20230306075953-47e94149ff08 h1:syGzguZoOK8Tt0asp3hJLXKkihhfQbFqV/pYtG2tSTs=
github.com/justjack1521/mevium v0.0.0-20230306075953-47e94149ff08/go.mod h1:2bObBefgu5y8ZUwMdGo0f+FqQ+U2a4zdMOC8nD6gKGc=
github.com/justjack1521/mevium v0.0.0-20230306081341-e676a69afae6 h1:ZVbqCmghQ67r2jHr9Y0i6LtlAWqPD02qi7fol1N2fnk=
github.com/justjack1521/mevium v0.0.0-20230306081341-e676a69afae6/go.mod h1:2bObBefgu5y8ZUwMdGo0f+FqQ+U2a4zdMOC8nD6gKGc=
github.com/justjack1521/mevium v0.0.0-20230307033715-a683f8062489 h1:yciQ1z5+6kwv/Wm5+6fNt3APOKliV8ZwtfmZRs4QWmk=
github.com/justjack1521/mevium v0.0.0-20230307033715-a683f8062489/go.mod h1:2bObBefgu5y8ZUwMdGo0f+FqQ+U2a4zdMOC8nD6gKGc=
github.com/justjack1521/mevium v0.0.0-20230307034949-835962a55e35 h1:qpLLu14h8vGKXzo/x2mxhb4wE/Eec8zZe3KS4FFCQsc=
github.com/justjack1521/mevium v0.0.0-20230307034949-835962a55e35/go.mod h1:2bObBefgu5y8ZUwMdGo0f+FqQ+U2a4zdMOC8nD6gKGc=
github.com/justjack1521/mevium v0.0.0-20230310144120-ec3b2c9c4f60 h1:QXpzFeLsSTr3uhyGnNXpQCbczrIn55MkrJnGOJ1MAoI=
github.com/justjack1521/mevium v0.0.0-20230310144120-ec3b2c9c4f60/go.mod h1:2bObBefgu5y8ZUwMdGo0f+FqQ+U2a4zdMOC8nD6gKGc=
github.com/justjack1521/mevium v0.0.0-20230312093937-0c832b32e905 h1:khEbjFkKNSlvcApN5PeK247DmmRazZDTCj9tgkTvQP0=
github.com/justjack1521/mevium v0.0.0-20230312093937-0c832b32e905/go.mod h1:2bObBefgu5y8ZUwMdGo0f+FqQ+U2a4zdMOC8nD6gKGc=
github.com/justjack1521/mevium v0.0.0-20230312132927-1d499c4f6c34 h1:NB1n3aQDUK8iDUOw2OkKg3kE0j+7p5W7TO29XAzcA1c=
github.com/justjack1521/mevium v0.0.0-20230312132927-1d499c4f6c34/go.mod h1:2bObBefgu5y8ZUwMdGo0f+FqQ+U2a4zdMOC8nD6gKGc=
github.com/justjack1521/mevium v0.0.0-20230312141118-92af6a888cc8 h1:BvBzIXmW0CrbXr2+tLvJs8NY8BxZ43TB/8FPj3A++sc=
github.com/justjack1521/mevium v0.0.0-20230312141118-92af6a888cc8/go.mod h1:2bObBefgu5y8ZUwMdGo0f+FqQ+U2a4zdMOC8nD6gKGc=
github.com/justjack1521/mevium v0.0.0-20230312141843-3fd05e5643b0 h1:unUXIDeY1hvxI3wTzg/W+bMveDt25Z++tc86lmlhIA0=
github.com/justjack1521/mevium v0.0.0-20230312141843-3fd05e5643b0/go.mod h1:2bObBefgu5y8ZUwMdGo0f+FqQ+U2a4zdMOC8nD6gKGc=
github.com/justjack1521/mevium v0.0.0-20230312143408-b218c19cb38e h1:hmj5jgopKFLtRQ0eZ+SSnVVQdj3+pkSd7ZZnJ+nxelM=
github.com/justjack1521/mevium v0.0.0-20230312143408-b218c19cb38e/go.mod h1:2bObBefgu5y8ZUwMdGo0f+FqQ+U2a4zdMOC8nD6gKGc=
github.com/justjack1521/mevium v0.0.0-20230602094240-fa2709e845e1 h1:JdbETFr5prRDhcPXAGVlyrFWiVRE5O/BhLlMGUjGXFw=
github.com/justjack1521/mevium v0.0.0-20230602094240-fa2709e845e1/go.mod h1:k13hr6Gx5QFZHTE5gUPIKCDmTWx9mQ800W4C5mEMBBI=
github.com/justjack1521/mevium v0.0.0-20230615011656-35527cc749fc h1:ZUcumVD2bxwEOGBXmg/NhmUHB1z6xC171SCJ5pmgzAg=
github.com/justjack1521/mevium v0.0.0-20230615011656-35527cc749fc/go.mod h1:k13hr6Gx5QFZHTE5gUPIKCDmTWx9mQ800W4C5mEMBBI=
github.com/justjack1521/mevium v0.0.0-20230615041224-987c399f7852 h1:rk1wp+ZSFvCs8dIopaJfbJjsVsrJvc3Hy4V/I5WON9g=
github.com/justjack1521/mevium v0.0.0-20230615041224-987c399f7852/go.mod h1:k13hr6Gx5QFZHTE5gUPIKCDmTWx9mQ800W4C5mEMBBI=
github.com/justjack1521/mevium v0.0.0-20230622063628-240ce67de540 h1:ouadNbh6ru5x/N7mpNAqTaS+paqinO3R1Sb0bg0qqP4=
github.com/justjack1521/mevium v0.0.0-20230622063628-240ce67de540/go.mod h1:k13hr6Gx5QFZHTE5gUPIKCDmTWx9mQ800W4C5mEMBBI=
github.com/justjack1521/mevium v0.0.0-20230622064225-dee7a854c252 h1:9cp9kJ43y5sczPAf0f2x3C66dYAQmvO/x6OF1DCKsjE=
github.com/justjack1521/mevium v0.0.0-20230622064225-dee7a854c252/go.mod h1:k13hr6Gx5QFZHTE5gUPIKCDmTWx9mQ800W4C5mEMBBI=
github.com/justjack1521/mevium v0.0.0-20230706083941-d8d8a50a9a69 h1:l8iw/GB6U25R0A5be4cfQi4rvuBgoLBWJDmfPZ4UeQs=
github.com/justjack1521/mevium v0.0.0-20230706083941-d8d8a50a9a69/go.mod h1:k13hr6Gx5QFZHTE5gUPIKCDmTWx9mQ800W4C5mEMBBI=
github.com/justjack1521/mevium v0.0.0-20230706091748-a34544293911 h1:ZjR5H0rMskFQFmxrPx8llGpChgZJBoxddWahImI4yro=
github.com/justjack1521/mevium v0.0.0-20230706091748-a34544293911/go.mod h1:k13hr6Gx5QFZHTE5gUPIKCDmTWx9mQ800W4C5mEMBBI=
github.com/justjack1521/mevium v0.0.0-20230707161527-50d1c90e8ba1 h1:lQGtxqHx05DKIC2vdK1SVGJsgMMqV1LL/B6FrzSuKO0=
github.com/justjack1521/mevium v0.0.0-20230707161527-50d1c90e8ba1/go.mod h1:k13hr6Gx5QFZHTE5gUPIKCDmTWx9mQ800W4C5mEMBBI=
github.com/justjack1521/mevium v0.0.0-20230707162532-eb1280088a43 h1:b9Nt9bfEeuIVR3D2G/x0PYQjbt6QdzgkbUbawfqx5aA=
github.com/justjack1521/mevium v0.0.0-20230707162532-eb1280088a43/go.mod h1:k13hr6Gx5QFZHTE5gUPIKCDmTWx9mQ800W4C5mEMBBI=
github.com/justjack1521/mevium v0.0.0-20230711014559-fda84c79679a h1:EchCvlStglmI4g/ZnzWIVzfr8zbhE02gk++G/4U2d/g=
github.com/justjack1521/mevium v0.0.0-20230711014559-fda84c79679a/go.mod h1:k13hr6Gx5QFZHTE5gUPIKCDmTWx9mQ800W4C5mEMBBI=
github.com/justjack1521/mevium v0.0.0-20230722113342-de37420037d7 h1:87gUHR+ckDChfjis9/IAjpHUTyx9WMPqpL5Tc2FrjNY=
github.com/justjack1521/mevium v0.0.0-20230722113342-de37420037d7/go.mod h1:k13hr6Gx5QFZHTE5gUPIKCDmTWx9mQ800W4C5mEMBBI=
github.com/justjack1521/mevium v0.0.0-20230724122404-16cfe56810bf h1:bZBcoxLdIwBFSLPcEavCYhDw5RdqcPRn4yj/q773RXg=
github.com/justjack1521/mevium v0.0.0-20230724122404-16cfe56810bf/go.mod h1:k13hr6Gx5QFZHTE5gUPIKCDmTWx9mQ800W4C5mEMBBI=
github.com/justjack1521/mevium v0.0.0-20230724122625-c832d3e31d2f h1:eloOu7qm9m7TsaynmQ514yfhcD0s7uOw67EDLi8E1EI=
github.com/justjack1521/mevium v0.0.0-20230724122625-c832d3e31d2f/go.mod h1:k13hr6Gx5QFZHTE5gUPIKCDmTWx9mQ800W4C5mEMBBI=
github.com/justjack1521/mevium v0.0.0-20230725140245-c8b896e1b809 h1:an2UyWE+rWAWEk1aXYamu07gu2ADIQQZwWrYZy0y/ns=
github.com/justjack1521/mevium v0.0.0-20230725140245-c8b896e1b809/go.mod h1:k13hr6Gx5QFZHTE5gUPIKCDmTWx9mQ800W4C5mEMBBI=
github.com/justjack1521/mevium v0.0.0-20230726114409-f5712ba45e38 h1:VQKAkTYd7uqjqyYg0YohQSERp2HDOPFjX1YFqDR2gHs=
github.com/justjack1521/mevium v0.0.0-20230726114409-f5712ba45e38/go.mod h1:k13hr6Gx5QFZHTE5gUPIKCDmTWx9mQ800W4C5mEMBBI=
github.com/justjack1521/mevium v0.0.0-20230726115936-3a5d269094df h1:OOcH24alPz+24S7tm12e09a295488MwE/JWEvZuAtSQ=
github.com/justjack1521/mevium v0.0.0-20230726115936-3a5d269094df/go.mod h1:k13hr6Gx5QFZHTE5gUPIKCDmTWx9mQ800W4C5mEMBBI=
github.com/justjack1521/mevium v0.0.0-20230726141950-005bdc0adadb h1:QJZL1Szn6b22x/TfxsajHjtMPRQGtXbdcRFS/j7CYUU=
github.com/justjack1521/mevium v0.0.0-20230726141950-005bdc0adadb/go.mod h1:k13hr6Gx5QFZHTE5gUPIKCDmTWx9mQ800W4C5mEMBBI=
github.com/justjack1521/mevium v0.0.0-20230727060553-53d6b8a3216e h1:+jGLof39lFY94XRd9pXP+B2KX6HP8nq56lTdB12VJKo=
github.com/justjack1521/mevium v0.0.0-20230727060553-53d6b8a3216e/go.mod h1:k13hr6Gx5QFZHTE5gUPIKCDmTWx9mQ800W4C5mEMBBI=
github.com/justjack1521/mevium v0.0.0-20230729122204-de73baaa608d h1:hfk9lSjc5YQGBSa+rUsG6+sYEcXHKWYRAUndiiCY4p0=
github.com/justjack1521/mevium v0.0.0-20230729122204-de73baaa608d/go.mod h1:k13hr6Gx5QFZHTE5gUPIKCDmTWx9mQ800W4C5mEMBBI=
github.com/justjack1521/mevium v0.0.0-20230801101338-17f76adec096 h1:sVG5W2yeshLHzp26BdXClxd9sNAfU+biDRy+C9ub2KQ=
github.com/justjack1521/mevium v0.0.0-20230801101338-17f76adec096/go.mod h1:k13hr6Gx5QFZHTE5gUPIKCDmTWx9mQ800W4C5mEMBBI=
github.com/justjack1521/mevium v0.0.0-20230804110159-1c61bb9e0198 h1:KpvGogtM0ns0ZYUOvxRuGV9HWnSa4IA6n1/XXnnSWZo=
github.com/justjack1521/mevium v0.0.0-20230804110159-1c61bb9e0198/go.mod h1:k13hr6Gx5QFZHTE5gUPIKCDmTWx9mQ800W4C5mEMBBI=
github.com/justjack1521/mevium v0.0.0-20230806103220-d48dff31b695 h1:c+sivrkvbQxiWNv1tymVlrXHjz6f0egPCop4vNSvpG0=
github.com/justjack1521/mevium v0.0.0-20230806103220-d48dff31b695/go.mod h1:k13hr6Gx5QFZHTE5gUPIKCDmTWx9mQ800W4C5mEMBBI=
github.com/justjack1521/mevium v0.0.0-20230830031731-0825c89ed6a0 h1:OHscB+lTseRXEQlI2H4Hmqhph8iXIpnFhbLWiXR/CIE=
github.com/justjack1521/mevium v0.0.0-20230830031731-0825c89ed6a0/go.mod h1:k13hr6Gx5QFZHTE5gUPIKCDmTWx9mQ800W4C5mEMBBI=
github.com/justjack1521/mevium v0.0.0-20230831093018-a9b45dbe9d11 h1:rqO/KCvlucIRiiIYoGlf8nmlaOnsmAIUZF5IUAlgOEs=
github.com/justjack1521/mevium v0.0.0-20230831093018-a9b45dbe9d11/go.mod h1:k13hr6Gx5QFZHTE5gUPIKCDmTWx9mQ800W4C5mEMBBI=
github.com/justjack1521/mevium v0.0.0-20230903070410-b21b43b48035 h1:lQB3rVl5ixF6B95emqDQLx3enHVJD89Ze4nZdQrj9Vs=
github.com/justjack1521/mevium v0.0.0-20230903070410-b21b43b48035/go.mod h1:k13hr6Gx5QFZHTE5gUPIKCDmTWx9mQ800W4C5mEMBBI=
github.com/justjack1521/mevium v0.0.0-20230906031613-97e74666f4ed h1:bfeZ1mpn8PaYptaOPd4eIlaKsDCfmd90WcZFCE65tZg=
github.com/justjack1521/mevium v0.0.0-20230906031613-97e74666f4ed/go.mod h1:k13hr6Gx5QFZHTE5gUPIKCDmTWx9mQ800W4C5mEMBBI=
github.com/justjack1521/mevium v0.0.0-20230906032323-8ff5a906a643 h1:PAJNmQbQShhrWYRjKV6zt54hepgo2Ld6heuX+cFo78k=
github.com/justjack1521/mevium v0.0.0-20230906032323-8ff5a906a643/go.mod h1:k13hr6Gx5QFZHTE5gUPIKCDmTWx9mQ800W4C5mEMBBI=
github.com/justjack1521/mevium v0.0.0-20230915114030-f3ba92a2dbcd h1:3vmMO+YQ1OQ2wRJz0iSKdADKEya5IqTOyKZt64GkMPU=
github.com/justjack1521/mevium v0.0.0-20230915114030-f3ba92a2dbcd/go.mod h1:k13hr6Gx5QFZHTE5gUPIKCDmTWx9mQ800W4C5mEMBBI=
github.com/justjack1521/mevium v0.0.0-20230919124934-5a5c9453b9a2 h1:XD0yq2rJh8l93B1CHdB9FDeeNIlyI6T94X+4Q/ldTxQ=
github.com/justjack1521/mevium v0.0.0-20230919124934-5a5c9453b9a2/go.mod h1:k13hr6Gx5QFZHTE5gUPIKCDmTWx9mQ800W4C5mEMBBI=
github.com/justjack1521/mevium v0.0.0-20231010042541-af9e27089cae h1:DP3nm5hFF98XfYC4wBxPsXJd6yh984e2kQuKSI75MnQ=
github.com/justjack1521/mevium v0.0.0-20231010042541-af9e27089cae/go.mod h1:k13hr6Gx5QFZHTE5gUPIKCDmTWx9mQ800W4C5mEMBBI=
github.com/justjack1521/mevium v0.0.0-20231010105953-d243c71c53b1 h1:DW9w7XVOQ7n+1O9Qs5dPWoYqnpjYxj7vu51D5iS3aAo=
github.com/justjack1521/mevium v0.0.0-20231010105953-d243c71c53b1/go.mod h1:k13hr6Gx5QFZHTE5gUPIKCDmTWx9mQ800W4C5mEMBBI=
github.com/justjack1521/mevium v0.0.0-20231010110349-5f8c1c6c1301 h1:uNNnqi8f7HBX8E/s7oT+fHewEE5ViwmuZggiL5E3zRk=
github.com/justjack1521/mevium v0.0.0-20231010110349-5f8c1c6c1301/go.mod h1:k13hr6Gx5QFZHTE5gUPIKCDmTWx9mQ800W4C5mEMBBI=
github.com/justjack1521/mevium v0.0.0-20231010111018-a01dc065f187 h1:j9S/kDz8Z7OeeKzUSbnDMLu2AgScLQX3D/4s8N7u+xI=
github.com/justjack1521/mevium v0.0.0-20231010111018-a01dc065f187/go.mod h1:k13hr6Gx5QFZHTE5gUPIKCDmTWx9mQ800W4C5mEMBBI=
github.com/justjack1521/mevium v0.0.0-20231010111134-160b57a3e304 h1:KKdip6AvSFbHKmGxmxaranYKwm0O+eDdvYeMg7PDmUY=
github.com/justjack1521/mevium v0.0.0-20231010111134-160b57a3e304/go.mod h1:k13hr6Gx5QFZHTE5gUPIKCDmTWx9mQ800W4C5mEMBBI=
github.com/justjack1521/mevium v0.0.0-20231010111742-74244a6286af h1:vhU+TXggDjstHKAYaJPZDFS0qFofkE3syoHT6f91EiA=
github.com/justjack1521/mevium v0.0.0-20231010111742-74244a6286af/go.mod h1:k13hr6Gx5QFZHTE5gUPIKCDmTWx9mQ800W4C5mEMBBI=
github.com/justjack1521/mevium v0.0.0-20231010112438-193941411a68 h1:3ZFQutXKocsM8aGR0j4ho4qMNMCTMvh2RKEtvAo/AdE=
github.com/justjack1521/mevium v0.0.0-20231010112438-193941411a68/go.mod h1:k13hr6Gx5QFZHTE5gUPIKCDmTWx9mQ800W4C5mEMBBI=
github.com/justjack1521/mevium v0.0.0-20231010112846-16d10160b10f h1:PXWrVElYiD3zREevohRZJbankyaFlTrFAhAN+YZ3BSk=
github.com/justjack1521/mevium v0.0.0-20231010112846-16d10160b10f/go.mod h1:k13hr6Gx5QFZHTE5gUPIKCDmTWx9mQ800W4C5mEMBBI=
github.com/justjack1521/mevium v0.0.0-20231010113202-970d073ecb62 h1:Xq6jyXBxFz/TIY0CnjXwySKZOO/BBT6HgcX0PH8IuYM=
github.com/justjack1521/mevium v0.0.0-20231010113202-970d073ecb62/go.mod h1:k13hr6Gx5QFZHTE5gUPIKCDmTWx9mQ800W4C5mEMBBI=
github.com/justjack1521/mevium v0.0.0-20231010113247-c470093252a5 h1:sQSrSLwqHzZQWFDEcmZD0txVrnIsjWBz9ZpemhHG5mY=
github.com/justjack1521/mevium v0.0.0-20231010113247-c470093252a5/go.mod h1:k13hr6Gx5QFZHTE5gUPIKCDmTWx9mQ800W4C5mEMBBI=
github.com/justjack1521/mevium v0.0.0-20231010113518-67de8d84dbb4 h1:DO+4hVj8YtQxBktC2LEZS5cYI03p7n4ORPZMkk+PkDc=
github.com/justjack1521/mevium v0.0.0-20231010113518-67de8d84dbb4/go.mod h1:k13hr6Gx5QFZHTE5gUPIKCDmTWx9mQ800W4C5mEMBBI=
github.com/justjack1521/mevium v0.0.0-20231010114039-3e36336cb8c5 h1:WDX56xfGpptOpxfli+vynrPzZZHX7pI/9TyTtuDKrMc=
github.com/justjack1521/mevium v0.0.0-20231010114039-3e36336cb8c5/go.mod h1:k13hr6Gx5QFZHTE5gUPIKCDmTWx9mQ800W4C5mEMBBI=
github.com/justjack1521/mevium v0.0.0-20231010114419-174251d59ab9 h1:b1C92166nrY7+kyb2E5zvqBkoklwgErbzFWnqOBrG7c=
github.com/justjack1521/mevium v0.0.0-20231010114419-174251d59ab9/go.mod h1:k13hr6Gx5QFZHTE5gUPIKCDmTWx9mQ800W4C5mEMBBI=
github.com/justjack1521/mevium v0.0.0-20231010115035-bdc58a205e0a h1:X68GDlqZQJanRwgpwRVByrp2k1126n7uRlF36/ReJu4=
github.com/justjack1521/mevium v0.0.0-20231010115035-bdc58a205e0a/go.mod h1:k13hr6Gx5QFZHTE5gUPIKCDmTWx9mQ800W4C5mEMBBI=
github.com/justjack1521/mevium v0.0.0-20231010115131-bc06020b2b08 h1:E/d79tU/TjiFH1KyAy1N8m0u3TOLm0MTYWxH89Wxkjs=
github.com/justjack1521/mevium v0.0.0-20231010115131-bc06020b2b08/go.mod h1:k13hr6Gx5QFZHTE5gUPIKCDmTWx9mQ800W4C5mEMBBI=
github.com/justjack1521/mevium v0.0.0-20231010120807-dbaf8c3f0a55 h1:3gg+JI5ltoYwDPJQO9HilLKmZ47QFdslnyiszfq0u1c=
github.com/justjack1521/mevium v0.0.0-20231010120807-dbaf8c3f0a55/go.mod h1:k13hr6Gx5QFZHTE5gUPIKCDmTWx9mQ800W4C5mEMBBI=
github.com/justjack1521/mevium v0.0.0-20231011053432-710c7f1639d8 h1:YIrMR83Q90cYun0uza6+ngI42VbBgzYBpfqIlEyEMk4=
github.com/justjack1521/mevium v0.0.0-20231011053432-710c7f1639d8/go.mod h1:k13hr6Gx5QFZHTE5gUPIKCDmTWx9mQ800W4C5mEMBBI=
github.com/justjack1521/mevium v0.0.0-20231011080822-20bc944d28e7 h1:ZD8SQzTnYmC0yUofWt42PHxUSUU7U/u/3hGKUg8muHg=
github.com/justjack1521/mevium v0.0.0-20231011080822-20bc944d28e7/go.mod h1:k13hr6Gx5QFZHTE5gUPIKCDmTWx9mQ800W4C5mEMBBI=
github.com/justjack1521/mevium v0.0.0-20231011082632-92d8e9b3eada h1:nH3+2129k5qyR7k5owq+36ur+lbKix+U9psQrntUQd0=
github.com/justjack1521/mevium v0.0.0-20231011082632-92d8e9b3eada/go.mod h1:k13hr6Gx5QFZHTE5gUPIKCDmTWx9mQ800W4C5mEMBBI=
github.com/justjack1521/mevium v0.0.0-20231016121940-3d3518feee37 h1:YtKkQg8TIj6JJSq1bZoNc4WE4OHMI5j5n4Skx0lryuI=
github.com/justjack1521/mevium v0.0.0-20231016121940-3d3518feee37/go.mod h1:k13hr6Gx5QFZHTE5gUPIKCDmTWx9mQ800W4C5mEMBBI=
github.com/justjack1521/mevium v0.0.0-20231016233848-3bb4657d0de5 h1:ij5kuKFk7ydOa6QrMhBpd6mfHZ/tUZn0/0VPTLRVS6U=
github.com/justjack1521/mevium v0.0.0-20231016233848-3bb4657d0de5/go.mod h1:k13hr6Gx5QFZHTE5gUPIKCDmTWx9mQ800W4C5mEMBBI=
github.com/justjack1521/mevium v0.0.0-20231018092023-59c1e02ce7ff h1:F+9lGItAOcfiSNxk23wrNhLDkBm2z7D5ejNJOIcDTgE=
github.com/justjack1521/mevium v0.0.0-20231018092023-59c1e02ce7ff/go.mod h1:k13hr6Gx5QFZHTE5gUPIKCDmTWx9mQ800W4C5mEMBBI=
github.com/justjack1521/mevium v0.0.0-20231018103746-a7e85e455a5a h1:wX0NQVvd7ZypoAWieouuLclY/HpWb0+afBBgChvIF1U=
github.com/justjack1521/mevium v0.0.0-20231018103746-a7e85e455a5a/go.mod h1:k13hr6Gx5QFZHTE5gUPIKCDmTWx9mQ800W4C5mEMBBI=
github.com/justjack1521/mevium v0.0.0-20231019083135-0004544c0e49 h1:FDYEjVU47bY7Jhe8z2//jC4RMOMHXKI8Pj1WLZoPTNc=
github.com/justjack1521/mevium v0.0.0-20231019083135-0004544c0e49/go.mod h1:k13hr6Gx5QFZHTE5gUPIKCDmTWx9mQ800W4C5mEMBBI=
github.com/justjack1521/mevium v0.0.0-20231019085243-ee3daf2c35a3 h1:f0Iu6x/iT1aEhwtF2Qf63w2nso/LCO9bdKhyxf3iwS4=
github.com/justjack1521/mevium v0.0.0-20231019085243-ee3daf2c35a3/go.mod h1:k13hr6Gx5QFZHTE5gUPIKCDmTWx9mQ800W4C5mEMBBI=
github.com/justjack1521/mevium v0.0.0-20231021091153-7baa07b01db4 h1:qLWI7sXPH16DqVLXzI1m816zjiEFGq8z+kKyZiAeDvs=
github.com/justjack1521/mevium v0.0.0-20231021091153-7baa07b01db4/go.mod h1:k13hr6Gx5QFZHTE5gUPIKCDmTWx9mQ800W4C5mEMBBI=
github.com/justjack1521/mevium v0.0.0-20231022113405-f61c270888eb h1:p+ZAz1Bhx0UM6ekuZYzYLX7Onj98NxT2NvObCN6BVTI=
github.com/justjack1521/mevium v0.0.0-20231022113405-f61c270888eb/go.mod h1:k13hr6Gx5QFZHTE5gUPIKCDmTWx9mQ800W4C5mEMBBI=
github.com/justjack1521/mevium v0.0.0-20231026130553-07a30a2f8376 h1:M1OoedLUH4MMvPqDEYplRG6Sa1tr8x4n7uFQn/xIgGc=
github.com/justjack1521/mevium v0.0.0-20231026130553-07a30a2f8376/go.mod h1:k13hr6Gx5QFZHTE5gUPIKCDmTWx9mQ800W4C5mEMBBI=
github.com/justjack1521/mevium v0.0.0-20231026134435-b4c6c6335914 h1:aOBS2vUiQGD/Th/QeZqQc2DW8tqdFiIUI9hm16BfNrc=
github.com/justjack1521/mevium v0.0.0-20231026134435-b4c6c6335914/go.mod h1:k13hr6Gx5QFZHTE5gUPIKCDmTWx9mQ800W4C5mEMBBI=
github.com/justjack1521/mevium v0.0.0-20231026134522-4f89cf400926 h1:I67hBoZDRHm7b319KdMjC58TfIwM/bARZyHgPE8kyp8=
github.com/justjack1521/mevium v0.0.0-20231026134522-4f89cf400926/go.mod h1:k13hr6Gx5QFZHTE5gUPIKCDmTWx9mQ800W4C5mEMBBI=
github.com/justjack1521/mevium v0.0.0-20231026134555-90733a82c8dc h1:PZMmISdUUJ/bkD7YwUS7GbeC6gVvsGdZMHy0kWrqVzg=
github.com/justjack1521/mevium v0.0.0-20231026134555-90733a82c8dc/go.mod h1:k13hr6Gx5QFZHTE5gUPIKCDmTWx9mQ800W4C5mEMBBI=
github.com/justjack1521/mevium v0.0.0-20231101065538-7d39484b525a h1:RB3KdQB6PDNMGZQgzZDXIibQPZLl9gXox/nhuF7oPlY=
github.com/justjack1521/mevium v0.0.0-20231101065538-7d39484b525a/go.mod h1:k13hr6Gx5QFZHTE5gUPIKCDmTWx9mQ800W4C5mEMBBI=
github.com/justjack1521/mevium v0.0.0-20231101065709-5f78a42f9bc5 h1:5zE47iWZ3ufwfUzAvC2iPzqRDkrGAP2CbFDcvsQv0M8=
github.com/justjack1521/mevium v0.0.0-20231101065709-5f78a42f9bc5/go.mod h1:k13hr6Gx5QFZHTE5gUPIKCDmTWx9mQ800W4C5mEMBBI=
github.com/kr/pretty v0.1.0/go.mod h1:dAy3ld7l9f0ibDNOQOHHMYYIIbhfbHSm3C4ZsoJORNo=
github.com/kr/pretty v0.2.1/go.mod h1:ipq/a2n7PKx3OHsz4KJII5eveXtPO4qwEXGdVfWzfnI=
github.com/kr/pretty v0.3.0 h1:WgNl7dwNpEZ6jJ9k1snq4pZsg7DOEN8hP9Xw0Tsjwk0=
github.com/kr/pretty v0.3.0/go.mod h1:640gp4NfQd8pI5XOwp5fnNeVWj67G7CFk/SaSQn7NBk=
github.com/kr/pty v1.1.1/go.mod h1:pFQYn66WHrOpPYNljwOMqo10TkYh1fy3cYio2l3bCsQ=
github.com/kr/text v0.1.0/go.mod h1:4Jbv+DJW3UT/LiOwJeYQe1efqtUx/iVham/4vfdArNI=
github.com/kr/text v0.2.0 h1:5Nx0Ya0ZqY2ygV366QzturHI13Jq95ApcVaJBhpS+AY=
github.com/kr/text v0.2.0/go.mod h1:eLer722TekiGuMkidMxC/pM04lWEeraHUUmBw8l2grE=
github.com/leodido/go-urn v1.2.1 h1:BqpAaACuzVSgi/VLzGZIobT2z4v53pjosyNd9Yv6n/w=
github.com/leodido/go-urn v1.2.1/go.mod h1:zt4jvISO2HfUBqxjfIshjdMTYS56ZS/qv49ictyFfxY=
github.com/mattn/go-isatty v0.0.16 h1:bq3VjFmv/sOjHtdEhmkEV4x1AJtvUvOJ2PFAZ5+peKQ=
github.com/mattn/go-isatty v0.0.16/go.mod h1:kYGgaQfpe5nmfYZH+SKPsOc2e4SrIfOl2e/yFXSvRLM=
github.com/mattn/go-isatty v0.0.17/go.mod h1:kYGgaQfpe5nmfYZH+SKPsOc2e4SrIfOl2e/yFXSvRLM=
github.com/modern-go/concurrent v0.0.0-20180228061459-e0a39a4cb421 h1:ZqeYNhU3OHLH3mGKHDcjJRFFRrJa6eAM5H+CtDdOsPc=
github.com/modern-go/concurrent v0.0.0-20180228061459-e0a39a4cb421/go.mod h1:6dJC0mAP4ikYIbvyc7fijjWJddQyLn8Ig3JB5CqoB9Q=
github.com/modern-go/reflect2 v1.0.2 h1:xBagoLtFs94CBntxluKeaWgTMpvLxC4ur3nMaC9Gz0M=
github.com/modern-go/reflect2 v1.0.2/go.mod h1:yWuevngMOJpCy52FWWMvUC8ws7m/LJsjYzDa0/r8luk=
github.com/newrelic/go-agent/v3 v3.20.3 h1:hUBAMq/Y2Y9as5/yxQbf0zNde/X7w58cWZkm2flZIaw=
github.com/newrelic/go-agent/v3 v3.20.3/go.mod h1:rT6ZUxJc5rQbWLyCtjqQCOcfb01lKRFbc1yMQkcboWM=
github.com/newrelic/go-agent/v3 v3.21.1/go.mod h1:AGagR69YHzamnvfxq9aDHnImvZwxr7C+4w7UN0Bm3UM=
github.com/newrelic/go-agent/v3/integrations/logcontext-v2/nrlogrus v1.0.0 h1:i7maT5Pi3qv2xlUU/vm/C5BkG8YMLlIHfIWtMmXz7cY=
github.com/newrelic/go-agent/v3/integrations/logcontext-v2/nrlogrus v1.0.0/go.mod h1:zYcBp4EDE47PUsZZAzEZ36QGC9YU2Wx9FSQ3goi7cCg=
github.com/pelletier/go-toml/v2 v2.0.6 h1:nrzqCb7j9cDFj2coyLNLaZuJTLjWjlaz6nvTvIwycIU=
github.com/pelletier/go-toml/v2 v2.0.6/go.mod h1:eumQOmlWiOPt5WriQQqoM5y18pDHwha2N+QD+EUNTek=
github.com/pkg/diff v0.0.0-20210226163009-20ebb0f2a09e/go.mod h1:pJLUxLENpZxwdsKMEsNbx1VGcRFpLqf3715MtcvvzbA=
github.com/pmezard/go-difflib v1.0.0 h1:4DBwDE0NGyQoBHbLQYPwSUPoCMWR5BEzIk/f1lZbAQM=
github.com/pmezard/go-difflib v1.0.0/go.mod h1:iKH77koFhYxTK1pcRnkKkqfTogsbg7gZNVY4sRDYZ/4=
github.com/rabbitmq/amqp091-go v1.5.0 h1:VouyHPBu1CrKyJVfteGknGOGCzmOz0zcv/tONLkb7rg=
github.com/rabbitmq/amqp091-go v1.5.0/go.mod h1:JsV0ofX5f1nwOGafb8L5rBItt9GyhfQfcJj+oyz0dGg=
github.com/rabbitmq/amqp091-go v1.7.0/go.mod h1:wfClAtY0C7bOHxd3GjmF26jEHn+rR/0B3+YV+Vn9/NI=
github.com/rogpeppe/go-internal v1.6.1/go.mod h1:xXDCJY+GAPziupqXw64V24skbSoqbTEfhy4qGm1nDQc=
github.com/rogpeppe/go-internal v1.8.0 h1:FCbCCtXNOY3UtUuHUYaghJg4y7Fd14rXifAYUAtL9R8=
github.com/rogpeppe/go-internal v1.8.0/go.mod h1:WmiCO8CzOY8rg0OYDC4/i/2WRWAB6poM+XZ2dLUbcbE=
github.com/satori/go.uuid v1.2.0 h1:0uYX9dsZ2yD7q2RtLRtPSdGDWzjeM3TbMJP9utgA0ww=
github.com/satori/go.uuid v1.2.0/go.mod h1:dA0hQrYB0VpLJoorglMZABFdXlWrHn1NEOzdhQKdks0=
github.com/sirupsen/logrus v1.9.0 h1:trlNQbNUG3OdDrDil03MCb1H2o9nJ1x4/5LYw7byDE0=
github.com/sirupsen/logrus v1.9.0/go.mod h1:naHLuLoDiP4jHNo9R0sCBMtWGeIprob74mVsIT4qYEQ=
github.com/sirupsen/logrus v1.9.2/go.mod h1:naHLuLoDiP4jHNo9R0sCBMtWGeIprob74mVsIT4qYEQ=
github.com/stretchr/objx v0.1.0/go.mod h1:HFkY916IF+rwdDfMAkV7OtwuqBVzrE8GR6GFx+wExME=
github.com/stretchr/objx v0.4.0/go.mod h1:YvHI0jy2hoMjB+UWwv71VJQ9isScKT/TqJzVSSt89Yw=
github.com/stretchr/objx v0.5.0/go.mod h1:Yh+to48EsGEfYuaHDzXPcE3xhTkx73EhmCGUpEOglKo=
github.com/stretchr/testify v1.3.0/go.mod h1:M5WIy9Dh21IEIfnGCwXGc5bZfKNJtfHm1UVUgZn+9EI=
github.com/stretchr/testify v1.6.1/go.mod h1:6Fq8oRcR53rry900zMqJjRRixrwX3KX962/h/Wwjteg=
github.com/stretchr/testify v1.7.0/go.mod h1:6Fq8oRcR53rry900zMqJjRRixrwX3KX962/h/Wwjteg=
github.com/stretchr/testify v1.7.1/go.mod h1:6Fq8oRcR53rry900zMqJjRRixrwX3KX962/h/Wwjteg=
github.com/stretchr/testify v1.8.0/go.mod h1:yNjHg4UonilssWZ8iaSj1OCr/vHnekPRkoO+kdMU+MU=
github.com/stretchr/testify v1.8.1 h1:w7B6lhMri9wdJUVmEZPGGhZzrYTPvgJArz7wNPgYKsk=
github.com/stretchr/testify v1.8.1/go.mod h1:w2LPCIKwWwSfY2zedu0+kehJoqGctiVI29o6fzry7u4=
github.com/ugorji/go v1.2.7/go.mod h1:nF9osbDWLy6bDVv/Rtoh6QgnvNDpmCalQV5urGCCS6M=
github.com/ugorji/go/codec v1.2.7 h1:YPXUKf7fYbp/y8xloBqZOw2qaVggbfwMlI8WM3wZUJ0=
github.com/ugorji/go/codec v1.2.7/go.mod h1:WGN1fab3R1fzQlVQTkfxVtIBhWDRqOviHU95kRgeqEY=
github.com/ugorji/go/codec v1.2.9/go.mod h1:UNopzCgEMSXjBc6AOMqYvWC1ktqTAfzJZUZgYf6w6lg=
github.com/wagslane/go-rabbitmq v0.12.1 h1:A3ec8wmP3hr1SKsbXwFaf42xXd5D7yAeJfdFZJydKlU=
github.com/wagslane/go-rabbitmq v0.12.1/go.mod h1:jTSN7opv/tmphx0MYaRR/++HQCuhxrBZEyTd0xCym2c=
github.com/wagslane/go-rabbitmq v0.12.3/go.mod h1:1sUJ53rrW2AIA7LEp8ymmmebHqqq8ksH/gXIfUP0I0s=
github.com/yuin/goldmark v1.3.5/go.mod h1:mwnBkeHKe2W/ZEtQ+71ViKU8L12m81fl3OWwC1Zlc8k=
go.uber.org/goleak v1.1.12 h1:gZAh5/EyT/HQwlpkCy6wTpqfH9H8Lz8zbm3dZh+OyzA=
go.uber.org/goleak v1.1.12/go.mod h1:cwTWslyiVhfpKIDGSZEM2HlOvcqm+tG4zioyIeLoqMQ=
go.uber.org/goleak v1.2.0/go.mod h1:XJYK+MuIchqpmGmUSAzotztawfKvYLUIgg7guXrwVUo=
golang.org/x/crypto v0.0.0-20190308221718-c2843e01d9a2/go.mod h1:djNgcEr1/C05ACkg1iLfiJU5Ep61QUkGW8qpdssI0+w=
golang.org/x/crypto v0.0.0-20191011191535-87dc89f01550/go.mod h1:yigFU9vqHzYiE8UmvKecakEJjdnWj3jj499lnFckfCI=
golang.org/x/crypto v0.0.0-20211215153901-e495a2d5b3d3 h1:0es+/5331RGQPcXlMfP+WrnIIS6dNnNRe0WB02W0F4M=
golang.org/x/crypto v0.0.0-20211215153901-e495a2d5b3d3/go.mod h1:IxCIyHEi3zRg3s0A5j5BB6A9Jmi73HwBIUl50j+osU4=
golang.org/x/crypto v0.6.0/go.mod h1:OFC/31mSvZgRz0V1QTNCzfAI1aIRzbiufJtkMIlEp58=
golang.org/x/crypto v0.8.0/go.mod h1:mRqEX+O9/h5TFCrQhkgjo2yKi0yYA+9ecGkdQoHrywE=
golang.org/x/lint v0.0.0-20190930215403-16217165b5de/go.mod h1:6SW0HCj/g11FgYtHlgUYUwCkIfeOF89ocIRzGO/8vkc=
golang.org/x/mod v0.4.2/go.mod h1:s0Qsj1ACt9ePp/hMypM3fl4fZqREWJwdYDEqhRiZZUA=
golang.org/x/net v0.0.0-20190311183353-d8887717615a/go.mod h1:t9HGtf8HONx5eT2rtn7q6eTqICYqUVnKs3thJo3Qplg=
golang.org/x/net v0.0.0-20190404232315-eb5bcb51f2a3/go.mod h1:t9HGtf8HONx5eT2rtn7q6eTqICYqUVnKs3thJo3Qplg=
golang.org/x/net v0.0.0-20190620200207-3b0461eec859/go.mod h1:z5CRVTTTmAJ677TzLLGU+0bjPO0LkuOLi4/5GtJWs/s=
golang.org/x/net v0.0.0-20210405180319-a5a99cb37ef4/go.mod h1:p54w0d4576C0XHj96bSt6lcn1PtDYWL6XObtHCRCNQM=
golang.org/x/net v0.0.0-20211112202133-69e39bad7dc2/go.mod h1:9nx3DQGgdP8bBQD5qxJ1jj9UTztislL4KSBs9R2vV5Y=
golang.org/x/net v0.4.0 h1:Q5QPcMlvfxFTAPV0+07Xz/MpK9NTXu2VDUuy0FeMfaU=
golang.org/x/net v0.4.0/go.mod h1:MBQ8lrhLObU/6UmLb4fmbmk5OcyYmqtbGd/9yIeKjEE=
golang.org/x/net v0.6.0/go.mod h1:2Tu9+aMcznHK/AK1HMvgo6xiTLG5rD5rZLDS+rp2Bjs=
golang.org/x/net v0.9.0/go.mod h1:d48xBJpPfHeWQsugry2m+kC02ZBRGRgulfHnEXEuWns=
golang.org/x/sync v0.0.0-20190423024810-112230192c58/go.mod h1:RxMgew5VJxzue5/jJTE5uejpjVlOe/izrB70Jof72aM=
golang.org/x/sync v0.0.0-20210220032951-036812b2e83c/go.mod h1:RxMgew5VJxzue5/jJTE5uejpjVlOe/izrB70Jof72aM=
golang.org/x/sys v0.0.0-20190215142949-d0b11bdaac8a/go.mod h1:STP8DvDyc/dI5b8T5hshtkjS+E42TnysNCUPdjciGhY=
golang.org/x/sys v0.0.0-20190412213103-97732733099d/go.mod h1:h1NjWce9XRLGQEsW7wpKNCjG9DtNlClVuFLEZdDNbEs=
golang.org/x/sys v0.0.0-20201119102817-f84b799fce68/go.mod h1:h1NjWce9XRLGQEsW7wpKNCjG9DtNlClVuFLEZdDNbEs=
golang.org/x/sys v0.0.0-20210330210617-4fbd30eecc44/go.mod h1:h1NjWce9XRLGQEsW7wpKNCjG9DtNlClVuFLEZdDNbEs=
golang.org/x/sys v0.0.0-20210423082822-04245dca01da/go.mod h1:h1NjWce9XRLGQEsW7wpKNCjG9DtNlClVuFLEZdDNbEs=
golang.org/x/sys v0.0.0-20210510120138-977fb7262007/go.mod h1:oPkhp1MJrh7nUepCBck5+mAzfO9JrbApNNgaTdGDITg=
golang.org/x/sys v0.0.0-20210615035016-665e8c7367d1/go.mod h1:oPkhp1MJrh7nUepCBck5+mAzfO9JrbApNNgaTdGDITg=
golang.org/x/sys v0.0.0-20210806184541-e5e7981a1069/go.mod h1:oPkhp1MJrh7nUepCBck5+mAzfO9JrbApNNgaTdGDITg=
golang.org/x/sys v0.0.0-20220715151400-c0bba94af5f8/go.mod h1:oPkhp1MJrh7nUepCBck5+mAzfO9JrbApNNgaTdGDITg=
golang.org/x/sys v0.0.0-20220811171246-fbc7d0a398ab/go.mod h1:oPkhp1MJrh7nUepCBck5+mAzfO9JrbApNNgaTdGDITg=
golang.org/x/sys v0.3.0 h1:w8ZOecv6NaNa/zC8944JTU3vz4u6Lagfk4RPQxv92NQ=
golang.org/x/sys v0.3.0/go.mod h1:oPkhp1MJrh7nUepCBck5+mAzfO9JrbApNNgaTdGDITg=
golang.org/x/sys v0.5.0/go.mod h1:oPkhp1MJrh7nUepCBck5+mAzfO9JrbApNNgaTdGDITg=
golang.org/x/sys v0.7.0/go.mod h1:oPkhp1MJrh7nUepCBck5+mAzfO9JrbApNNgaTdGDITg=
golang.org/x/term v0.0.0-20201126162022-7de9c90e9dd1/go.mod h1:bj7SfCRtBDWHUb9snDiAeCFNEtKQo2Wmx5Cou7ajbmo=
golang.org/x/text v0.3.0/go.mod h1:NqM8EUOU14njkJ3fqMW+pc6Ldnwhi/IjpwHt7yyuwOQ=
golang.org/x/text v0.3.3/go.mod h1:5Zoc/QRtKVWzQhOtBMvqHzDpF6irO9z98xDceosuGiQ=
golang.org/x/text v0.3.6/go.mod h1:5Zoc/QRtKVWzQhOtBMvqHzDpF6irO9z98xDceosuGiQ=
golang.org/x/text v0.3.7/go.mod h1:u+2+/6zg+i71rQMx5EYifcz6MCKuco9NR6JIITiCfzQ=
golang.org/x/text v0.5.0 h1:OLmvp0KP+FVG99Ct/qFiL/Fhk4zp4QQnZ7b2U+5piUM=
golang.org/x/text v0.5.0/go.mod h1:mrYo+phRRbMaCq/xk9113O4dZlRixOauAjOtrjsXDZ8=
golang.org/x/text v0.7.0/go.mod h1:mrYo+phRRbMaCq/xk9113O4dZlRixOauAjOtrjsXDZ8=
golang.org/x/text v0.9.0/go.mod h1:e1OnstbJyHTd6l/uOt8jFFHp6TRDWZR/bV3emEE/zU8=
golang.org/x/tools v0.0.0-20180917221912-90fa682c2a6e/go.mod h1:n7NCudcB/nEzxVGmLbDWY5pfWTLqBcC2KZ6jyYvM4mQ=
golang.org/x/tools v0.0.0-20190311212946-11955173bddd/go.mod h1:LCzVGOaR6xXOjkQ3onu1FJEFr0SW1gC7cKk1uF8kGRs=
golang.org/x/tools v0.0.0-20191119224855-298f0cb1881e/go.mod h1:b+2E5dAYhXwXZwtnZ6UAqBI28+e2cm9otk0dWdXHAEo=
golang.org/x/tools v0.1.5/go.mod h1:o0xws9oXOQQZyjljx8fwUC0k7L1pTE6eaCbjGeHmOkk=
golang.org/x/xerrors v0.0.0-20190717185122-a985d3407aa7/go.mod h1:I/5z698sn9Ka8TeJc9MKroUUfqBBauWjQqLJ2OPfmY0=
golang.org/x/xerrors v0.0.0-20191011141410-1b5146add898/go.mod h1:I/5z698sn9Ka8TeJc9MKroUUfqBBauWjQqLJ2OPfmY0=
golang.org/x/xerrors v0.0.0-20191204190536-9bdfabe68543/go.mod h1:I/5z698sn9Ka8TeJc9MKroUUfqBBauWjQqLJ2OPfmY0=
golang.org/x/xerrors v0.0.0-20200804184101-5ec99f83aff1/go.mod h1:I/5z698sn9Ka8TeJc9MKroUUfqBBauWjQqLJ2OPfmY0=
google.golang.org/genproto v0.0.0-20221118155620-16455021b5e6 h1:a2S6M0+660BgMNl++4JPlcAO/CjkqYItDEZwkoDQK7c=
google.golang.org/genproto v0.0.0-20221118155620-16455021b5e6/go.mod h1:rZS5c/ZVYMaOGBfO68GWtjOw/eLaZM1X6iVtgjZ+EWg=
google.golang.org/genproto v0.0.0-20230306155012-7f2fa6fef1f4/go.mod h1:NWraEVixdDnqcqQ30jipen1STv2r/n24Wb7twVTGR4s=
google.golang.org/grpc v1.52.0 h1:kd48UiU7EHsV4rnLyOJRuP/Il/UHE7gdDAQ+SZI7nZk=
google.golang.org/grpc v1.52.0/go.mod h1:pu6fVzoFb+NBYNAvQL08ic+lvB2IojljRYuun5vorUY=
google.golang.org/grpc v1.55.0/go.mod h1:iYEXKGkEBhg1PjZQvoYEVPTDkHo1/bjTnfwTeGONTY8=
google.golang.org/protobuf v1.26.0-rc.1/go.mod h1:jlhhOSvTdKEhbULTjvd4ARK9grFBp09yW+WbY/TyQbw=
google.golang.org/protobuf v1.26.0/go.mod h1:9q0QmTI4eRPtz6boOQmLYwt+qCgq0jsYwAQnmE0givc=
google.golang.org/protobuf v1.28.1 h1:d0NfwRgPtno5B1Wa6L2DAG+KivqkdutMf1UhdNx175w=
google.golang.org/protobuf v1.28.1/go.mod h1:HV8QOd/L58Z+nl8r43ehVNZIU/HEI6OcFqwMG9pJV4I=
google.golang.org/protobuf v1.30.0/go.mod h1:HV8QOd/L58Z+nl8r43ehVNZIU/HEI6OcFqwMG9pJV4I=
gopkg.in/check.v1 v0.0.0-20161208181325-20d25e280405/go.mod h1:Co6ibVJAznAaIkqp8huTwlJQCZ016jof/cbN4VW5Yz0=
gopkg.in/check.v1 v1.0.0-20180628173108-788fd7840127/go.mod h1:Co6ibVJAznAaIkqp8huTwlJQCZ016jof/cbN4VW5Yz0=
gopkg.in/check.v1 v1.0.0-20201130134442-10cb98267c6c h1:Hei/4ADfdWqJk1ZMxUNpqntNwaWcugrBjAiHlqqRiVk=
gopkg.in/check.v1 v1.0.0-20201130134442-10cb98267c6c/go.mod h1:JHkPIbrfpd72SG/EVd6muEfDQjcINNoR0C8j2r3qZ4Q=
gopkg.in/errgo.v2 v2.1.0/go.mod h1:hNsd1EY+bozCKY1Ytp96fpM3vjJbqLJn88ws8XvfDNI=
gopkg.in/yaml.v2 v2.2.2/go.mod h1:hI93XBmqTisBFMUTm0b8Fm+jr3Dg1NNxqwp+5A1VGuI=
gopkg.in/yaml.v2 v2.4.0 h1:D8xgwECY7CYvx+Y2n4sBz93Jn9JRvxdiyyo8CTfuKaY=
gopkg.in/yaml.v2 v2.4.0/go.mod h1:RDklbk79AGWmwhnvt/jBztapEOGDOx6ZbXqjP6csGnQ=
gopkg.in/yaml.v3 v3.0.0-20200313102051-9f266ea9e77c/go.mod h1:K4uyk7z7BCEPqu6E+C64Yfv1cQ7kz7rIZviUmN+EgEM=
gopkg.in/yaml.v3 v3.0.0-20210107192922-496545a6307b/go.mod h1:K4uyk7z7BCEPqu6E+C64Yfv1cQ7kz7rIZviUmN+EgEM=
gopkg.in/yaml.v3 v3.0.1 h1:fxVm/GzAzEWqLHuvctI91KS9hhNmmWOoWu0XTYJS7CA=
gopkg.in/yaml.v3 v3.0.1/go.mod h1:K4uyk7z7BCEPqu6E+C64Yfv1cQ7kz7rIZviUmN+EgEM=
